// !$*UTF8*$!
{
	archiveVersion = 1;
	classes = {
	};
	objectVersion = 55;
	objects = {

/* Begin PBXBuildFile section */
		6727922C2805C2C000FEE07E /* scenario.json in Resources */ = {isa = PBXBuildFile; fileRef = 6727922B2805C2C000FEE07E /* scenario.json */; };
		6727922F2805CBE400FEE07E /* Bundle.swift in Sources */ = {isa = PBXBuildFile; fileRef = 6727922E2805CBE400FEE07E /* Bundle.swift */; };
		672792322806073B00FEE07E /* Data.swift in Sources */ = {isa = PBXBuildFile; fileRef = 672792312806073B00FEE07E /* Data.swift */; };
		67279234280608FC00FEE07E /* JSONDecoder.swift in Sources */ = {isa = PBXBuildFile; fileRef = 67279233280608FC00FEE07E /* JSONDecoder.swift */; };
		6727923D28062CF200FEE07E /* DecodingError.swift in Sources */ = {isa = PBXBuildFile; fileRef = 6727923C28062CF200FEE07E /* DecodingError.swift */; };
		6727923F280632B900FEE07E /* dark2.json in Resources */ = {isa = PBXBuildFile; fileRef = 6727923E280632B900FEE07E /* dark2.json */; };
		67279241280632DD00FEE07E /* light1.json in Resources */ = {isa = PBXBuildFile; fileRef = 67279240280632DD00FEE07E /* light1.json */; };
		672792432806330100FEE07E /* truth1.json in Resources */ = {isa = PBXBuildFile; fileRef = 672792422806330100FEE07E /* truth1.json */; };
		672792452806382800FEE07E /* AdventureViewModel.swift in Sources */ = {isa = PBXBuildFile; fileRef = 672792442806382800FEE07E /* AdventureViewModel.swift */; };
		672792472806441300FEE07E /* EdgeView.swift in Sources */ = {isa = PBXBuildFile; fileRef = 672792462806441300FEE07E /* EdgeView.swift */; };
		675E273A2809CD7A00FB5783 /* AdventureEngine.swift in Sources */ = {isa = PBXBuildFile; fileRef = 675E27392809CD7A00FB5783 /* AdventureEngine.swift */; };
		675E273C2809D98300FB5783 /* GameEngine.swift in Sources */ = {isa = PBXBuildFile; fileRef = 675E273B2809D98300FB5783 /* GameEngine.swift */; };
		675E273E2809E36800FB5783 /* SingleCurveShape.swift in Sources */ = {isa = PBXBuildFile; fileRef = 675E273D2809E36800FB5783 /* SingleCurveShape.swift */; };
		675E2740280A1E7100FB5783 /* Line.swift in Sources */ = {isa = PBXBuildFile; fileRef = 675E273F280A1E7100FB5783 /* Line.swift */; };
		675E2742280A2C4D00FB5783 /* CGFloat.swift in Sources */ = {isa = PBXBuildFile; fileRef = 675E2741280A2C4D00FB5783 /* CGFloat.swift */; };
		675E2745280B4BC000FB5783 /* EdgeViewModel.swift in Sources */ = {isa = PBXBuildFile; fileRef = 675E2744280B4BC000FB5783 /* EdgeViewModel.swift */; };
		675E2747280B4BD100FB5783 /* VertexViewModel.swift in Sources */ = {isa = PBXBuildFile; fileRef = 675E2746280B4BD100FB5783 /* VertexViewModel.swift */; };
		675E2749280B502900FB5783 /* AdventureDescriptor.swift in Sources */ = {isa = PBXBuildFile; fileRef = 675E2748280B502900FB5783 /* AdventureDescriptor.swift */; };
		675E274D280C5EF500FB5783 /* AnimationHandlingShape.swift in Sources */ = {isa = PBXBuildFile; fileRef = 675E274C280C5EF500FB5783 /* AnimationHandlingShape.swift */; };
		675E2750280C8C2F00FB5783 /* PointerWrapper.swift in Sources */ = {isa = PBXBuildFile; fileRef = 675E274F280C8C2F00FB5783 /* PointerWrapper.swift */; };
		675E2752280CE33100FB5783 /* HandleableAnimationData.swift in Sources */ = {isa = PBXBuildFile; fileRef = 675E2751280CE33100FB5783 /* HandleableAnimationData.swift */; };
		675E2755280DA0E600FB5783 /* EyeView.swift in Sources */ = {isa = PBXBuildFile; fileRef = 675E2754280DA0E600FB5783 /* EyeView.swift */; };
		675E2757280DB77F00FB5783 /* CGSize.swift in Sources */ = {isa = PBXBuildFile; fileRef = 675E2756280DB77F00FB5783 /* CGSize.swift */; };
		675E2759280DD96300FB5783 /* ComplexCurve.swift in Sources */ = {isa = PBXBuildFile; fileRef = 675E2758280DD96300FB5783 /* ComplexCurve.swift */; };
		675E275B280DDC4F00FB5783 /* ComplexCurveShape.swift in Sources */ = {isa = PBXBuildFile; fileRef = 675E275A280DDC4F00FB5783 /* ComplexCurveShape.swift */; };
		675E275D280E22CC00FB5783 /* GeometryProxy.swift in Sources */ = {isa = PBXBuildFile; fileRef = 675E275C280E22CC00FB5783 /* GeometryProxy.swift */; };
		675E2760280E2FC500FB5783 /* EngineEvent.swift in Sources */ = {isa = PBXBuildFile; fileRef = 675E275F280E2FC500FB5783 /* EngineEvent.swift */; };
		675E2762280E313900FB5783 /* ViewEvent.swift in Sources */ = {isa = PBXBuildFile; fileRef = 675E2761280E313900FB5783 /* ViewEvent.swift */; };
		675E2764280E3C1200FB5783 /* Shape.swift in Sources */ = {isa = PBXBuildFile; fileRef = 675E2763280E3C1200FB5783 /* Shape.swift */; };
		675E2768280F064500FB5783 /* PlayerView.swift in Sources */ = {isa = PBXBuildFile; fileRef = 675E2767280F064400FB5783 /* PlayerView.swift */; };
		675E276A280F066800FB5783 /* PlayerViewModel.swift in Sources */ = {isa = PBXBuildFile; fileRef = 675E2769280F066800FB5783 /* PlayerViewModel.swift */; };
		675E276E280F39B500FB5783 /* CenteredGeometryReader.swift in Sources */ = {isa = PBXBuildFile; fileRef = 675E276D280F39B500FB5783 /* CenteredGeometryReader.swift */; };
		675E2770280F6F0400FB5783 /* ColorSchema.swift in Sources */ = {isa = PBXBuildFile; fileRef = 675E276F280F6F0400FB5783 /* ColorSchema.swift */; };
		675E27F9281087E800FB5783 /* StatesAnimationView.swift in Sources */ = {isa = PBXBuildFile; fileRef = 675E27F8281087E800FB5783 /* StatesAnimationView.swift */; };
		6771F8DB2851677500D7B742 /* ViewRedrawHandlerModifier.swift in Sources */ = {isa = PBXBuildFile; fileRef = 6771F8DA2851677500D7B742 /* ViewRedrawHandlerModifier.swift */; };
		6771F8E12855021B00D7B742 /* DrawableCurvesView.swift in Sources */ = {isa = PBXBuildFile; fileRef = 6771F8E02855021B00D7B742 /* DrawableCurvesView.swift */; };
		6771F8E62855242000D7B742 /* VertexActionsIconsService.swift in Sources */ = {isa = PBXBuildFile; fileRef = 6771F8E52855242000D7B742 /* VertexActionsIconsService.swift */; };
		6771F8F52857E2BA00D7B742 /* DrawingProgressModifier.swift in Sources */ = {isa = PBXBuildFile; fileRef = 6771F8F42857E2BA00D7B742 /* DrawingProgressModifier.swift */; };
		6771F8F828592A3300D7B742 /* DrawableCurve.swift in Sources */ = {isa = PBXBuildFile; fileRef = 6771F8F728592A3300D7B742 /* DrawableCurve.swift */; };
		6771F8FA285A8F1900D7B742 /* VertexViewMetastate.swift in Sources */ = {isa = PBXBuildFile; fileRef = 6771F8F9285A8F1900D7B742 /* VertexViewMetastate.swift */; };
		677C3100281099500014BECD /* AnimationState.swift in Sources */ = {isa = PBXBuildFile; fileRef = 677C30FF281099500014BECD /* AnimationState.swift */; };
		677C31232811C80E0014BECD /* AnimatableModifierWrapper.swift in Sources */ = {isa = PBXBuildFile; fileRef = 677C31222811C80E0014BECD /* AnimatableModifierWrapper.swift */; };
		677D6988282B28EB00124486 /* ResourceViewMetastate.swift in Sources */ = {isa = PBXBuildFile; fileRef = 677D6987282B28EB00124486 /* ResourceViewMetastate.swift */; };
		6780F47128296D2800FF95FE /* ObservableObjectPublisher.swift in Sources */ = {isa = PBXBuildFile; fileRef = 6780F47028296D2800FF95FE /* ObservableObjectPublisher.swift */; };
		67834856282A9C36002D9ABA /* ResourceStateHandler.swift in Sources */ = {isa = PBXBuildFile; fileRef = 67834855282A9C36002D9ABA /* ResourceStateHandler.swift */; };
		67834858282A9C44002D9ABA /* ResourceStateTransform.swift in Sources */ = {isa = PBXBuildFile; fileRef = 67834857282A9C44002D9ABA /* ResourceStateTransform.swift */; };
		678DE68828129D850084006F /* EyeViewModel.swift in Sources */ = {isa = PBXBuildFile; fileRef = 678DE68728129D840084006F /* EyeViewModel.swift */; };
		6793A97627FCF3B7002198E9 /* TIAApp.swift in Sources */ = {isa = PBXBuildFile; fileRef = 6793A97527FCF3B7002198E9 /* TIAApp.swift */; };
		6793A97A27FCF3B9002198E9 /* Assets.xcassets in Resources */ = {isa = PBXBuildFile; fileRef = 6793A97927FCF3B9002198E9 /* Assets.xcassets */; };
		6793A97D27FCF3B9002198E9 /* Preview Assets.xcassets in Resources */ = {isa = PBXBuildFile; fileRef = 6793A97C27FCF3B9002198E9 /* Preview Assets.xcassets */; };
		6793A98527FCF4FD002198E9 /* MainMenuView.swift in Sources */ = {isa = PBXBuildFile; fileRef = 6793A98427FCF4FD002198E9 /* MainMenuView.swift */; };
		6793A98727FCF50E002198E9 /* WorldPickerView.swift in Sources */ = {isa = PBXBuildFile; fileRef = 6793A98627FCF50E002198E9 /* WorldPickerView.swift */; };
		6793A98B27FD1936002198E9 /* Colors.swift in Sources */ = {isa = PBXBuildFile; fileRef = 6793A98A27FD1936002198E9 /* Colors.swift */; };
		679484FE2823D493002E3BB6 /* GeometryCacheService.swift in Sources */ = {isa = PBXBuildFile; fileRef = 679484FD2823D493002E3BB6 /* GeometryCacheService.swift */; };
		679E37222831928700D9EE41 /* EdgeConnectorShape.swift in Sources */ = {isa = PBXBuildFile; fileRef = 679E37212831928700D9EE41 /* EdgeConnectorShape.swift */; };
		679E37242832616D00D9EE41 /* EdgeViewMetastate.swift in Sources */ = {isa = PBXBuildFile; fileRef = 679E37232832616D00D9EE41 /* EdgeViewMetastate.swift */; };
		679E372B2836C08800D9EE41 /* AnimatableTrio.swift in Sources */ = {isa = PBXBuildFile; fileRef = 679E372A2836C08800D9EE41 /* AnimatableTrio.swift */; };
		67A3DD5A2821DD2F00B5A88F /* PlayerMetastate.swift in Sources */ = {isa = PBXBuildFile; fileRef = 67A3DD592821DD2F00B5A88F /* PlayerMetastate.swift */; };
		67B07B06283ADC7F00EAC03D /* CameraService.swift in Sources */ = {isa = PBXBuildFile; fileRef = 67B07B05283ADC7F00EAC03D /* CameraService.swift */; };
		67B07B23283F977A00EAC03D /* AdventureLayer.swift in Sources */ = {isa = PBXBuildFile; fileRef = 67B07B22283F977A00EAC03D /* AdventureLayer.swift */; };
		67B07B25283FA55800EAC03D /* AdventureLayerViewModel.swift in Sources */ = {isa = PBXBuildFile; fileRef = 67B07B24283FA55800EAC03D /* AdventureLayerViewModel.swift */; };
		67B07B272840F7EE00EAC03D /* IngameMenuService.swift in Sources */ = {isa = PBXBuildFile; fileRef = 67B07B262840F7EE00EAC03D /* IngameMenuService.swift */; };
		67B07B2B28410FA600EAC03D /* ClosedRange.swift in Sources */ = {isa = PBXBuildFile; fileRef = 67B07B2A28410FA600EAC03D /* ClosedRange.swift */; };
		67B07B2D284153D800EAC03D /* AdventureLayerBackgroundView.swift in Sources */ = {isa = PBXBuildFile; fileRef = 67B07B2C284153D800EAC03D /* AdventureLayerBackgroundView.swift */; };
		67B07B2F2841577500EAC03D /* AnimationCompletionObserverModifier.swift in Sources */ = {isa = PBXBuildFile; fileRef = 67B07B2E2841577500EAC03D /* AnimationCompletionObserverModifier.swift */; };
		67B07B332842E47900EAC03D /* CGRect.swift in Sources */ = {isa = PBXBuildFile; fileRef = 67B07B322842E47900EAC03D /* CGRect.swift */; };
		67B5334D27FF8A5000EA959A /* Resource.swift in Sources */ = {isa = PBXBuildFile; fileRef = 67B5334C27FF8A5000EA959A /* Resource.swift */; };
		67B5335927FF95AC00EA959A /* Vertex.swift in Sources */ = {isa = PBXBuildFile; fileRef = 67B5335827FF95AC00EA959A /* Vertex.swift */; };
		67B5335B27FFA1A700EA959A /* Edge.swift in Sources */ = {isa = PBXBuildFile; fileRef = 67B5335A27FFA1A700EA959A /* Edge.swift */; };
		67B5335D27FFA24000EA959A /* Adventure.swift in Sources */ = {isa = PBXBuildFile; fileRef = 67B5335C27FFA24000EA959A /* Adventure.swift */; };
		67B5335F27FFA48100EA959A /* Scenario.swift in Sources */ = {isa = PBXBuildFile; fileRef = 67B5335E27FFA48100EA959A /* Scenario.swift */; };
		67B5336227FFAA6200EA959A /* StorageService.swift in Sources */ = {isa = PBXBuildFile; fileRef = 67B5336127FFAA6200EA959A /* StorageService.swift */; };
		67B5336428007C1400EA959A /* ScenarioService.swift in Sources */ = {isa = PBXBuildFile; fileRef = 67B5336328007C1400EA959A /* ScenarioService.swift */; };
		67B5336628008BA700EA959A /* GameState.swift in Sources */ = {isa = PBXBuildFile; fileRef = 67B5336528008BA700EA959A /* GameState.swift */; };
		67B5336828009BD200EA959A /* AdventureIconView.swift in Sources */ = {isa = PBXBuildFile; fileRef = 67B5336728009BD200EA959A /* AdventureIconView.swift */; };
		67B5336A28009C4D00EA959A /* CircleShape.swift in Sources */ = {isa = PBXBuildFile; fileRef = 67B5336928009C4D00EA959A /* CircleShape.swift */; };
		67B5336C28009DC100EA959A /* Path.swift in Sources */ = {isa = PBXBuildFile; fileRef = 67B5336B28009DC100EA959A /* Path.swift */; };
		67B5337128032EAD00EA959A /* BezierPositioning.swift in Sources */ = {isa = PBXBuildFile; fileRef = 67B5337028032EAD00EA959A /* BezierPositioning.swift */; };
		67B53379280336A900EA959A /* View.swift in Sources */ = {isa = PBXBuildFile; fileRef = 67B53378280336A900EA959A /* View.swift */; };
		67B5337B28036F0700EA959A /* CGPoint.swift in Sources */ = {isa = PBXBuildFile; fileRef = 67B5337A28036F0700EA959A /* CGPoint.swift */; };
		67B5337F2803787300EA959A /* BezierStepsPositioning.swift in Sources */ = {isa = PBXBuildFile; fileRef = 67B5337E2803787300EA959A /* BezierStepsPositioning.swift */; };
		67B533812803868500EA959A /* BezierCurve.swift in Sources */ = {isa = PBXBuildFile; fileRef = 67B533802803868500EA959A /* BezierCurve.swift */; };
		67B5338328038D8C00EA959A /* Comparable.swift in Sources */ = {isa = PBXBuildFile; fileRef = 67B5338228038D8C00EA959A /* Comparable.swift */; };
		67B533892804CB8E00EA959A /* AdventureView.swift in Sources */ = {isa = PBXBuildFile; fileRef = 67B533882804CB8E00EA959A /* AdventureView.swift */; };
		67B5338B2804CC4500EA959A /* VertexView.swift in Sources */ = {isa = PBXBuildFile; fileRef = 67B5338A2804CC4500EA959A /* VertexView.swift */; };
		67B533962804EC6000EA959A /* Array.swift in Sources */ = {isa = PBXBuildFile; fileRef = 67B533952804EC6000EA959A /* Array.swift */; };
		67B533982804ED6D00EA959A /* TIAPrototypingError.swift in Sources */ = {isa = PBXBuildFile; fileRef = 67B533972804ED6D00EA959A /* TIAPrototypingError.swift */; };
		67B5339A2805B2B400EA959A /* AdventureLayout.swift in Sources */ = {isa = PBXBuildFile; fileRef = 67B533992805B2B400EA959A /* AdventureLayout.swift */; };
		67B5339D2805B5E200EA959A /* dark1.json in Resources */ = {isa = PBXBuildFile; fileRef = 67B5339C2805B5E200EA959A /* dark1.json */; };
		67B533A12805BC0400EA959A /* dark1_1.json in Resources */ = {isa = PBXBuildFile; fileRef = 67B533A02805BC0400EA959A /* dark1_1.json */; };
		67BDE95328171112005B0194 /* ResourceShape.swift in Sources */ = {isa = PBXBuildFile; fileRef = 67BDE95228171112005B0194 /* ResourceShape.swift */; };
		67BDE95B281712BC005B0194 /* ResourcePath.swift in Sources */ = {isa = PBXBuildFile; fileRef = 67BDE95A281712BC005B0194 /* ResourcePath.swift */; };
		67BDE95D2817E841005B0194 /* ResourceView.swift in Sources */ = {isa = PBXBuildFile; fileRef = 67BDE95C2817E841005B0194 /* ResourceView.swift */; };
		67BDE95F2817E879005B0194 /* ResourceViewModel.swift in Sources */ = {isa = PBXBuildFile; fileRef = 67BDE95E2817E879005B0194 /* ResourceViewModel.swift */; };
		67BDE961281833D5005B0194 /* LayoutConstants.swift in Sources */ = {isa = PBXBuildFile; fileRef = 67BDE960281833D5005B0194 /* LayoutConstants.swift */; };
		67E4DD412812DF9D00F05D87 /* Player.swift in Sources */ = {isa = PBXBuildFile; fileRef = 67E4DD402812DF9D00F05D87 /* Player.swift */; };
		67EDAC27281CA01F00EA41CF /* VertexSurroundingService.swift in Sources */ = {isa = PBXBuildFile; fileRef = 67EDAC26281CA01F00EA41CF /* VertexSurroundingService.swift */; };
		67EDAC5F281F3E2200EA41CF /* AnimationService.swift in Sources */ = {isa = PBXBuildFile; fileRef = 67EDAC5E281F3E2200EA41CF /* AnimationService.swift */; };
		67EDAC6128201BFF00EA41CF /* Math.swift in Sources */ = {isa = PBXBuildFile; fileRef = 67EDAC6028201BFF00EA41CF /* Math.swift */; };
		67EDAC632820448200EA41CF /* EdgeGate.swift in Sources */ = {isa = PBXBuildFile; fileRef = 67EDAC622820448200EA41CF /* EdgeGate.swift */; };
		67EDAC652820625500EA41CF /* LayoutService.swift in Sources */ = {isa = PBXBuildFile; fileRef = 67EDAC642820625500EA41CF /* LayoutService.swift */; };
		67EDAC6728214FD600EA41CF /* IdEqutable.swift in Sources */ = {isa = PBXBuildFile; fileRef = 67EDAC6628214FD600EA41CF /* IdEqutable.swift */; };
		67EFD4772844348200DA02EC /* VisualEffectView.swift in Sources */ = {isa = PBXBuildFile; fileRef = 67EFD4762844348200DA02EC /* VisualEffectView.swift */; };
/* End PBXBuildFile section */

/* Begin PBXFileReference section */
		6727922B2805C2C000FEE07E /* scenario.json */ = {isa = PBXFileReference; lastKnownFileType = text.json; path = scenario.json; sourceTree = "<group>"; };
		6727922E2805CBE400FEE07E /* Bundle.swift */ = {isa = PBXFileReference; lastKnownFileType = sourcecode.swift; path = Bundle.swift; sourceTree = "<group>"; };
		672792312806073B00FEE07E /* Data.swift */ = {isa = PBXFileReference; lastKnownFileType = sourcecode.swift; path = Data.swift; sourceTree = "<group>"; };
		67279233280608FC00FEE07E /* JSONDecoder.swift */ = {isa = PBXFileReference; lastKnownFileType = sourcecode.swift; path = JSONDecoder.swift; sourceTree = "<group>"; };
		6727923C28062CF200FEE07E /* DecodingError.swift */ = {isa = PBXFileReference; lastKnownFileType = sourcecode.swift; path = DecodingError.swift; sourceTree = "<group>"; };
		6727923E280632B900FEE07E /* dark2.json */ = {isa = PBXFileReference; lastKnownFileType = text.json; path = dark2.json; sourceTree = "<group>"; };
		67279240280632DD00FEE07E /* light1.json */ = {isa = PBXFileReference; lastKnownFileType = text.json; path = light1.json; sourceTree = "<group>"; };
		672792422806330100FEE07E /* truth1.json */ = {isa = PBXFileReference; lastKnownFileType = text.json; path = truth1.json; sourceTree = "<group>"; };
		672792442806382800FEE07E /* AdventureViewModel.swift */ = {isa = PBXFileReference; lastKnownFileType = sourcecode.swift; path = AdventureViewModel.swift; sourceTree = "<group>"; };
		672792462806441300FEE07E /* EdgeView.swift */ = {isa = PBXFileReference; lastKnownFileType = sourcecode.swift; path = EdgeView.swift; sourceTree = "<group>"; };
		675E27392809CD7A00FB5783 /* AdventureEngine.swift */ = {isa = PBXFileReference; lastKnownFileType = sourcecode.swift; path = AdventureEngine.swift; sourceTree = "<group>"; };
		675E273B2809D98300FB5783 /* GameEngine.swift */ = {isa = PBXFileReference; lastKnownFileType = sourcecode.swift; path = GameEngine.swift; sourceTree = "<group>"; };
		675E273D2809E36800FB5783 /* SingleCurveShape.swift */ = {isa = PBXFileReference; lastKnownFileType = sourcecode.swift; path = SingleCurveShape.swift; sourceTree = "<group>"; };
		675E273F280A1E7100FB5783 /* Line.swift */ = {isa = PBXFileReference; lastKnownFileType = sourcecode.swift; path = Line.swift; sourceTree = "<group>"; };
		675E2741280A2C4D00FB5783 /* CGFloat.swift */ = {isa = PBXFileReference; lastKnownFileType = sourcecode.swift; path = CGFloat.swift; sourceTree = "<group>"; };
		675E2744280B4BC000FB5783 /* EdgeViewModel.swift */ = {isa = PBXFileReference; lastKnownFileType = sourcecode.swift; path = EdgeViewModel.swift; sourceTree = "<group>"; };
		675E2746280B4BD100FB5783 /* VertexViewModel.swift */ = {isa = PBXFileReference; lastKnownFileType = sourcecode.swift; path = VertexViewModel.swift; sourceTree = "<group>"; };
		675E2748280B502900FB5783 /* AdventureDescriptor.swift */ = {isa = PBXFileReference; lastKnownFileType = sourcecode.swift; path = AdventureDescriptor.swift; sourceTree = "<group>"; };
		675E274C280C5EF500FB5783 /* AnimationHandlingShape.swift */ = {isa = PBXFileReference; lastKnownFileType = sourcecode.swift; path = AnimationHandlingShape.swift; sourceTree = "<group>"; };
		675E274F280C8C2F00FB5783 /* PointerWrapper.swift */ = {isa = PBXFileReference; lastKnownFileType = sourcecode.swift; path = PointerWrapper.swift; sourceTree = "<group>"; };
		675E2751280CE33100FB5783 /* HandleableAnimationData.swift */ = {isa = PBXFileReference; lastKnownFileType = sourcecode.swift; path = HandleableAnimationData.swift; sourceTree = "<group>"; };
		675E2754280DA0E600FB5783 /* EyeView.swift */ = {isa = PBXFileReference; lastKnownFileType = sourcecode.swift; path = EyeView.swift; sourceTree = "<group>"; };
		675E2756280DB77F00FB5783 /* CGSize.swift */ = {isa = PBXFileReference; lastKnownFileType = sourcecode.swift; path = CGSize.swift; sourceTree = "<group>"; };
		675E2758280DD96300FB5783 /* ComplexCurve.swift */ = {isa = PBXFileReference; lastKnownFileType = sourcecode.swift; path = ComplexCurve.swift; sourceTree = "<group>"; };
		675E275A280DDC4F00FB5783 /* ComplexCurveShape.swift */ = {isa = PBXFileReference; lastKnownFileType = sourcecode.swift; path = ComplexCurveShape.swift; sourceTree = "<group>"; };
		675E275C280E22CC00FB5783 /* GeometryProxy.swift */ = {isa = PBXFileReference; lastKnownFileType = sourcecode.swift; path = GeometryProxy.swift; sourceTree = "<group>"; };
		675E275F280E2FC500FB5783 /* EngineEvent.swift */ = {isa = PBXFileReference; lastKnownFileType = sourcecode.swift; path = EngineEvent.swift; sourceTree = "<group>"; };
		675E2761280E313900FB5783 /* ViewEvent.swift */ = {isa = PBXFileReference; lastKnownFileType = sourcecode.swift; path = ViewEvent.swift; sourceTree = "<group>"; };
		675E2763280E3C1200FB5783 /* Shape.swift */ = {isa = PBXFileReference; lastKnownFileType = sourcecode.swift; path = Shape.swift; sourceTree = "<group>"; };
		675E2767280F064400FB5783 /* PlayerView.swift */ = {isa = PBXFileReference; lastKnownFileType = sourcecode.swift; path = PlayerView.swift; sourceTree = "<group>"; };
		675E2769280F066800FB5783 /* PlayerViewModel.swift */ = {isa = PBXFileReference; lastKnownFileType = sourcecode.swift; path = PlayerViewModel.swift; sourceTree = "<group>"; };
		675E276D280F39B500FB5783 /* CenteredGeometryReader.swift */ = {isa = PBXFileReference; lastKnownFileType = sourcecode.swift; path = CenteredGeometryReader.swift; sourceTree = "<group>"; };
		675E276F280F6F0400FB5783 /* ColorSchema.swift */ = {isa = PBXFileReference; lastKnownFileType = sourcecode.swift; path = ColorSchema.swift; sourceTree = "<group>"; };
		675E27F8281087E800FB5783 /* StatesAnimationView.swift */ = {isa = PBXFileReference; lastKnownFileType = sourcecode.swift; path = StatesAnimationView.swift; sourceTree = "<group>"; };
		6771F8DA2851677500D7B742 /* ViewRedrawHandlerModifier.swift */ = {isa = PBXFileReference; lastKnownFileType = sourcecode.swift; path = ViewRedrawHandlerModifier.swift; sourceTree = "<group>"; };
		6771F8E02855021B00D7B742 /* DrawableCurvesView.swift */ = {isa = PBXFileReference; lastKnownFileType = sourcecode.swift; path = DrawableCurvesView.swift; sourceTree = "<group>"; };
		6771F8E52855242000D7B742 /* VertexActionsIconsService.swift */ = {isa = PBXFileReference; lastKnownFileType = sourcecode.swift; path = VertexActionsIconsService.swift; sourceTree = "<group>"; };
		6771F8F42857E2BA00D7B742 /* DrawingProgressModifier.swift */ = {isa = PBXFileReference; lastKnownFileType = sourcecode.swift; path = DrawingProgressModifier.swift; sourceTree = "<group>"; };
		6771F8F728592A3300D7B742 /* DrawableCurve.swift */ = {isa = PBXFileReference; lastKnownFileType = sourcecode.swift; path = DrawableCurve.swift; sourceTree = "<group>"; };
		6771F8F9285A8F1900D7B742 /* VertexViewMetastate.swift */ = {isa = PBXFileReference; lastKnownFileType = sourcecode.swift; path = VertexViewMetastate.swift; sourceTree = "<group>"; };
		677C30FF281099500014BECD /* AnimationState.swift */ = {isa = PBXFileReference; lastKnownFileType = sourcecode.swift; path = AnimationState.swift; sourceTree = "<group>"; };
		677C31222811C80E0014BECD /* AnimatableModifierWrapper.swift */ = {isa = PBXFileReference; lastKnownFileType = sourcecode.swift; path = AnimatableModifierWrapper.swift; sourceTree = "<group>"; };
		677D6987282B28EB00124486 /* ResourceViewMetastate.swift */ = {isa = PBXFileReference; lastKnownFileType = sourcecode.swift; path = ResourceViewMetastate.swift; sourceTree = "<group>"; };
		6780F47028296D2800FF95FE /* ObservableObjectPublisher.swift */ = {isa = PBXFileReference; lastKnownFileType = sourcecode.swift; path = ObservableObjectPublisher.swift; sourceTree = "<group>"; };
		67834855282A9C36002D9ABA /* ResourceStateHandler.swift */ = {isa = PBXFileReference; lastKnownFileType = sourcecode.swift; path = ResourceStateHandler.swift; sourceTree = "<group>"; };
		67834857282A9C44002D9ABA /* ResourceStateTransform.swift */ = {isa = PBXFileReference; lastKnownFileType = sourcecode.swift; path = ResourceStateTransform.swift; sourceTree = "<group>"; };
		678DE68728129D840084006F /* EyeViewModel.swift */ = {isa = PBXFileReference; lastKnownFileType = sourcecode.swift; path = EyeViewModel.swift; sourceTree = "<group>"; };
		6793A97227FCF3B7002198E9 /* TIA.app */ = {isa = PBXFileReference; explicitFileType = wrapper.application; includeInIndex = 0; path = TIA.app; sourceTree = BUILT_PRODUCTS_DIR; };
		6793A97527FCF3B7002198E9 /* TIAApp.swift */ = {isa = PBXFileReference; lastKnownFileType = sourcecode.swift; path = TIAApp.swift; sourceTree = "<group>"; };
		6793A97927FCF3B9002198E9 /* Assets.xcassets */ = {isa = PBXFileReference; lastKnownFileType = folder.assetcatalog; path = Assets.xcassets; sourceTree = "<group>"; };
		6793A97C27FCF3B9002198E9 /* Preview Assets.xcassets */ = {isa = PBXFileReference; lastKnownFileType = folder.assetcatalog; path = "Preview Assets.xcassets"; sourceTree = "<group>"; };
		6793A98427FCF4FD002198E9 /* MainMenuView.swift */ = {isa = PBXFileReference; lastKnownFileType = sourcecode.swift; path = MainMenuView.swift; sourceTree = "<group>"; };
		6793A98627FCF50E002198E9 /* WorldPickerView.swift */ = {isa = PBXFileReference; lastKnownFileType = sourcecode.swift; path = WorldPickerView.swift; sourceTree = "<group>"; };
		6793A98A27FD1936002198E9 /* Colors.swift */ = {isa = PBXFileReference; lastKnownFileType = sourcecode.swift; path = Colors.swift; sourceTree = "<group>"; };
		679484FD2823D493002E3BB6 /* GeometryCacheService.swift */ = {isa = PBXFileReference; lastKnownFileType = sourcecode.swift; path = GeometryCacheService.swift; sourceTree = "<group>"; };
		679E37212831928700D9EE41 /* EdgeConnectorShape.swift */ = {isa = PBXFileReference; lastKnownFileType = sourcecode.swift; path = EdgeConnectorShape.swift; sourceTree = "<group>"; };
		679E37232832616D00D9EE41 /* EdgeViewMetastate.swift */ = {isa = PBXFileReference; lastKnownFileType = sourcecode.swift; path = EdgeViewMetastate.swift; sourceTree = "<group>"; };
		679E372A2836C08800D9EE41 /* AnimatableTrio.swift */ = {isa = PBXFileReference; lastKnownFileType = sourcecode.swift; path = AnimatableTrio.swift; sourceTree = "<group>"; };
		67A3DD592821DD2F00B5A88F /* PlayerMetastate.swift */ = {isa = PBXFileReference; lastKnownFileType = sourcecode.swift; path = PlayerMetastate.swift; sourceTree = "<group>"; };
		67B07B05283ADC7F00EAC03D /* CameraService.swift */ = {isa = PBXFileReference; lastKnownFileType = sourcecode.swift; path = CameraService.swift; sourceTree = "<group>"; };
		67B07B22283F977A00EAC03D /* AdventureLayer.swift */ = {isa = PBXFileReference; lastKnownFileType = sourcecode.swift; path = AdventureLayer.swift; sourceTree = "<group>"; };
		67B07B24283FA55800EAC03D /* AdventureLayerViewModel.swift */ = {isa = PBXFileReference; lastKnownFileType = sourcecode.swift; path = AdventureLayerViewModel.swift; sourceTree = "<group>"; };
		67B07B262840F7EE00EAC03D /* IngameMenuService.swift */ = {isa = PBXFileReference; lastKnownFileType = sourcecode.swift; path = IngameMenuService.swift; sourceTree = "<group>"; };
		67B07B2A28410FA600EAC03D /* ClosedRange.swift */ = {isa = PBXFileReference; lastKnownFileType = sourcecode.swift; path = ClosedRange.swift; sourceTree = "<group>"; };
		67B07B2C284153D800EAC03D /* AdventureLayerBackgroundView.swift */ = {isa = PBXFileReference; lastKnownFileType = sourcecode.swift; path = AdventureLayerBackgroundView.swift; sourceTree = "<group>"; };
		67B07B2E2841577500EAC03D /* AnimationCompletionObserverModifier.swift */ = {isa = PBXFileReference; lastKnownFileType = sourcecode.swift; path = AnimationCompletionObserverModifier.swift; sourceTree = "<group>"; };
		67B07B322842E47900EAC03D /* CGRect.swift */ = {isa = PBXFileReference; lastKnownFileType = sourcecode.swift; path = CGRect.swift; sourceTree = "<group>"; };
		67B5334C27FF8A5000EA959A /* Resource.swift */ = {isa = PBXFileReference; lastKnownFileType = sourcecode.swift; path = Resource.swift; sourceTree = "<group>"; };
		67B5335827FF95AC00EA959A /* Vertex.swift */ = {isa = PBXFileReference; lastKnownFileType = sourcecode.swift; path = Vertex.swift; sourceTree = "<group>"; };
		67B5335A27FFA1A700EA959A /* Edge.swift */ = {isa = PBXFileReference; lastKnownFileType = sourcecode.swift; path = Edge.swift; sourceTree = "<group>"; };
		67B5335C27FFA24000EA959A /* Adventure.swift */ = {isa = PBXFileReference; lastKnownFileType = sourcecode.swift; path = Adventure.swift; sourceTree = "<group>"; };
		67B5335E27FFA48100EA959A /* Scenario.swift */ = {isa = PBXFileReference; lastKnownFileType = sourcecode.swift; path = Scenario.swift; sourceTree = "<group>"; };
		67B5336127FFAA6200EA959A /* StorageService.swift */ = {isa = PBXFileReference; lastKnownFileType = sourcecode.swift; path = StorageService.swift; sourceTree = "<group>"; };
		67B5336328007C1400EA959A /* ScenarioService.swift */ = {isa = PBXFileReference; lastKnownFileType = sourcecode.swift; path = ScenarioService.swift; sourceTree = "<group>"; };
		67B5336528008BA700EA959A /* GameState.swift */ = {isa = PBXFileReference; lastKnownFileType = sourcecode.swift; path = GameState.swift; sourceTree = "<group>"; };
		67B5336728009BD200EA959A /* AdventureIconView.swift */ = {isa = PBXFileReference; lastKnownFileType = sourcecode.swift; path = AdventureIconView.swift; sourceTree = "<group>"; };
		67B5336928009C4D00EA959A /* CircleShape.swift */ = {isa = PBXFileReference; lastKnownFileType = sourcecode.swift; path = CircleShape.swift; sourceTree = "<group>"; };
		67B5336B28009DC100EA959A /* Path.swift */ = {isa = PBXFileReference; lastKnownFileType = sourcecode.swift; path = Path.swift; sourceTree = "<group>"; };
		67B5337028032EAD00EA959A /* BezierPositioning.swift */ = {isa = PBXFileReference; lastKnownFileType = sourcecode.swift; path = BezierPositioning.swift; sourceTree = "<group>"; };
		67B53378280336A900EA959A /* View.swift */ = {isa = PBXFileReference; lastKnownFileType = sourcecode.swift; path = View.swift; sourceTree = "<group>"; };
		67B5337A28036F0700EA959A /* CGPoint.swift */ = {isa = PBXFileReference; lastKnownFileType = sourcecode.swift; path = CGPoint.swift; sourceTree = "<group>"; };
		67B5337E2803787300EA959A /* BezierStepsPositioning.swift */ = {isa = PBXFileReference; lastKnownFileType = sourcecode.swift; path = BezierStepsPositioning.swift; sourceTree = "<group>"; };
		67B533802803868500EA959A /* BezierCurve.swift */ = {isa = PBXFileReference; lastKnownFileType = sourcecode.swift; path = BezierCurve.swift; sourceTree = "<group>"; };
		67B5338228038D8C00EA959A /* Comparable.swift */ = {isa = PBXFileReference; lastKnownFileType = sourcecode.swift; path = Comparable.swift; sourceTree = "<group>"; };
		67B533882804CB8E00EA959A /* AdventureView.swift */ = {isa = PBXFileReference; lastKnownFileType = sourcecode.swift; path = AdventureView.swift; sourceTree = "<group>"; };
		67B5338A2804CC4500EA959A /* VertexView.swift */ = {isa = PBXFileReference; lastKnownFileType = sourcecode.swift; path = VertexView.swift; sourceTree = "<group>"; };
		67B533952804EC6000EA959A /* Array.swift */ = {isa = PBXFileReference; lastKnownFileType = sourcecode.swift; path = Array.swift; sourceTree = "<group>"; };
		67B533972804ED6D00EA959A /* TIAPrototypingError.swift */ = {isa = PBXFileReference; lastKnownFileType = sourcecode.swift; path = TIAPrototypingError.swift; sourceTree = "<group>"; };
		67B533992805B2B400EA959A /* AdventureLayout.swift */ = {isa = PBXFileReference; lastKnownFileType = sourcecode.swift; path = AdventureLayout.swift; sourceTree = "<group>"; };
		67B5339C2805B5E200EA959A /* dark1.json */ = {isa = PBXFileReference; lastKnownFileType = text.json; path = dark1.json; sourceTree = "<group>"; };
		67B533A02805BC0400EA959A /* dark1_1.json */ = {isa = PBXFileReference; lastKnownFileType = text.json; path = dark1_1.json; sourceTree = "<group>"; };
		67BDE95228171112005B0194 /* ResourceShape.swift */ = {isa = PBXFileReference; lastKnownFileType = sourcecode.swift; path = ResourceShape.swift; sourceTree = "<group>"; };
		67BDE95A281712BC005B0194 /* ResourcePath.swift */ = {isa = PBXFileReference; lastKnownFileType = sourcecode.swift; path = ResourcePath.swift; sourceTree = "<group>"; };
		67BDE95C2817E841005B0194 /* ResourceView.swift */ = {isa = PBXFileReference; lastKnownFileType = sourcecode.swift; path = ResourceView.swift; sourceTree = "<group>"; };
		67BDE95E2817E879005B0194 /* ResourceViewModel.swift */ = {isa = PBXFileReference; lastKnownFileType = sourcecode.swift; path = ResourceViewModel.swift; sourceTree = "<group>"; };
		67BDE960281833D5005B0194 /* LayoutConstants.swift */ = {isa = PBXFileReference; lastKnownFileType = sourcecode.swift; path = LayoutConstants.swift; sourceTree = "<group>"; };
		67E4DD402812DF9D00F05D87 /* Player.swift */ = {isa = PBXFileReference; lastKnownFileType = sourcecode.swift; path = Player.swift; sourceTree = "<group>"; };
		67EDAC26281CA01F00EA41CF /* VertexSurroundingService.swift */ = {isa = PBXFileReference; lastKnownFileType = sourcecode.swift; path = VertexSurroundingService.swift; sourceTree = "<group>"; };
		67EDAC5E281F3E2200EA41CF /* AnimationService.swift */ = {isa = PBXFileReference; lastKnownFileType = sourcecode.swift; path = AnimationService.swift; sourceTree = "<group>"; };
		67EDAC6028201BFF00EA41CF /* Math.swift */ = {isa = PBXFileReference; lastKnownFileType = sourcecode.swift; path = Math.swift; sourceTree = "<group>"; };
		67EDAC622820448200EA41CF /* EdgeGate.swift */ = {isa = PBXFileReference; lastKnownFileType = sourcecode.swift; path = EdgeGate.swift; sourceTree = "<group>"; };
		67EDAC642820625500EA41CF /* LayoutService.swift */ = {isa = PBXFileReference; lastKnownFileType = sourcecode.swift; path = LayoutService.swift; sourceTree = "<group>"; };
		67EDAC6628214FD600EA41CF /* IdEqutable.swift */ = {isa = PBXFileReference; lastKnownFileType = sourcecode.swift; path = IdEqutable.swift; sourceTree = "<group>"; };
		67EFD4762844348200DA02EC /* VisualEffectView.swift */ = {isa = PBXFileReference; lastKnownFileType = sourcecode.swift; path = VisualEffectView.swift; sourceTree = "<group>"; };
/* End PBXFileReference section */

/* Begin PBXFrameworksBuildPhase section */
		6793A96F27FCF3B7002198E9 /* Frameworks */ = {
			isa = PBXFrameworksBuildPhase;
			buildActionMask = 2147483647;
			files = (
			);
			runOnlyForDeploymentPostprocessing = 0;
		};
/* End PBXFrameworksBuildPhase section */

/* Begin PBXGroup section */
		67279235280615A600FEE07E /* Layouts */ = {
			isa = PBXGroup;
			children = (
				67B533A02805BC0400EA959A /* dark1_1.json */,
			);
			path = Layouts;
			sourceTree = "<group>";
		};
		675E2743280B4BAF00FB5783 /* ViewModels */ = {
			isa = PBXGroup;
			children = (
				672792442806382800FEE07E /* AdventureViewModel.swift */,
				67B07B24283FA55800EAC03D /* AdventureLayerViewModel.swift */,
				675E2746280B4BD100FB5783 /* VertexViewModel.swift */,
				6771F8F9285A8F1900D7B742 /* VertexViewMetastate.swift */,
				675E2769280F066800FB5783 /* PlayerViewModel.swift */,
				675E2744280B4BC000FB5783 /* EdgeViewModel.swift */,
				679E37232832616D00D9EE41 /* EdgeViewMetastate.swift */,
				67BDE95E2817E879005B0194 /* ResourceViewModel.swift */,
				677D6987282B28EB00124486 /* ResourceViewMetastate.swift */,
				678DE68728129D840084006F /* EyeViewModel.swift */,
			);
			path = ViewModels;
			sourceTree = "<group>";
		};
		675E274E280C8C2000FB5783 /* Utils */ = {
			isa = PBXGroup;
			children = (
				675E274F280C8C2F00FB5783 /* PointerWrapper.swift */,
				675E2751280CE33100FB5783 /* HandleableAnimationData.swift */,
				675E276F280F6F0400FB5783 /* ColorSchema.swift */,
				67BDE960281833D5005B0194 /* LayoutConstants.swift */,
				67EDAC6628214FD600EA41CF /* IdEqutable.swift */,
				679E372A2836C08800D9EE41 /* AnimatableTrio.swift */,
			);
			path = Utils;
			sourceTree = "<group>";
		};
		675E2753280DA0CB00FB5783 /* Views */ = {
			isa = PBXGroup;
			children = (
				67B533882804CB8E00EA959A /* AdventureView.swift */,
				67B07B2C284153D800EAC03D /* AdventureLayerBackgroundView.swift */,
				67B5338A2804CC4500EA959A /* VertexView.swift */,
				672792462806441300FEE07E /* EdgeView.swift */,
				679E37212831928700D9EE41 /* EdgeConnectorShape.swift */,
				675E2754280DA0E600FB5783 /* EyeView.swift */,
				675E2767280F064400FB5783 /* PlayerView.swift */,
				67BDE95C2817E841005B0194 /* ResourceView.swift */,
			);
			path = Views;
			sourceTree = "<group>";
		};
		675E275E280E2F8700FB5783 /* Engine */ = {
			isa = PBXGroup;
			children = (
				675E273B2809D98300FB5783 /* GameEngine.swift */,
				675E27392809CD7A00FB5783 /* AdventureEngine.swift */,
				675E275F280E2FC500FB5783 /* EngineEvent.swift */,
				675E2761280E313900FB5783 /* ViewEvent.swift */,
			);
			path = Engine;
			sourceTree = "<group>";
		};
		677C30FE281098BD0014BECD /* Animation */ = {
			isa = PBXGroup;
			children = (
				675E274C280C5EF500FB5783 /* AnimationHandlingShape.swift */,
				675E27F8281087E800FB5783 /* StatesAnimationView.swift */,
				677C30FF281099500014BECD /* AnimationState.swift */,
				677C31222811C80E0014BECD /* AnimatableModifierWrapper.swift */,
			);
			path = Animation;
			sourceTree = "<group>";
		};
		6793A96927FCF3B7002198E9 = {
			isa = PBXGroup;
			children = (
				6793A97427FCF3B7002198E9 /* TIA */,
				6793A97327FCF3B7002198E9 /* Products */,
			);
			sourceTree = "<group>";
		};
		6793A97327FCF3B7002198E9 /* Products */ = {
			isa = PBXGroup;
			children = (
				6793A97227FCF3B7002198E9 /* TIA.app */,
			);
			name = Products;
			sourceTree = "<group>";
		};
		6793A97427FCF3B7002198E9 /* TIA */ = {
			isa = PBXGroup;
			children = (
				675E275E280E2F8700FB5783 /* Engine */,
				675E274E280C8C2000FB5783 /* Utils */,
				67B5336027FFAA5500EA959A /* Service */,
				67B5334927FF5E6400EA959A /* Models */,
				6793A98927FD18E0002198E9 /* Extensions */,
				67B5336F28032E9700EA959A /* Modifiers */,
				6793A98827FD0529002198E9 /* Views */,
				67B533872804CB1400EA959A /* Flow */,
				6793A97527FCF3B7002198E9 /* TIAApp.swift */,
				6793A97927FCF3B9002198E9 /* Assets.xcassets */,
				67B5339B2805B49500EA959A /* Resources */,
				6793A97B27FCF3B9002198E9 /* Preview Content */,
			);
			path = TIA;
			sourceTree = "<group>";
		};
		6793A97B27FCF3B9002198E9 /* Preview Content */ = {
			isa = PBXGroup;
			children = (
				6793A97C27FCF3B9002198E9 /* Preview Assets.xcassets */,
			);
			path = "Preview Content";
			sourceTree = "<group>";
		};
		6793A98327FCF4DE002198E9 /* MainMenu */ = {
			isa = PBXGroup;
			children = (
				6793A98427FCF4FD002198E9 /* MainMenuView.swift */,
				6793A98627FCF50E002198E9 /* WorldPickerView.swift */,
				67B5336728009BD200EA959A /* AdventureIconView.swift */,
			);
			path = MainMenu;
			sourceTree = "<group>";
		};
		6793A98827FD0529002198E9 /* Views */ = {
			isa = PBXGroup;
			children = (
				67BDE95128171105005B0194 /* Resources */,
				677C30FE281098BD0014BECD /* Animation */,
				67B5336928009C4D00EA959A /* CircleShape.swift */,
				675E273D2809E36800FB5783 /* SingleCurveShape.swift */,
				675E275A280DDC4F00FB5783 /* ComplexCurveShape.swift */,
				6771F8E02855021B00D7B742 /* DrawableCurvesView.swift */,
				675E276D280F39B500FB5783 /* CenteredGeometryReader.swift */,
				67EFD4762844348200DA02EC /* VisualEffectView.swift */,
			);
			path = Views;
			sourceTree = "<group>";
		};
		6793A98927FD18E0002198E9 /* Extensions */ = {
			isa = PBXGroup;
			children = (
				6793A98A27FD1936002198E9 /* Colors.swift */,
				67B5336B28009DC100EA959A /* Path.swift */,
				67B53378280336A900EA959A /* View.swift */,
				675E2763280E3C1200FB5783 /* Shape.swift */,
				675E2741280A2C4D00FB5783 /* CGFloat.swift */,
				67B5337A28036F0700EA959A /* CGPoint.swift */,
				675E2756280DB77F00FB5783 /* CGSize.swift */,
				67B07B322842E47900EAC03D /* CGRect.swift */,
				67B5338228038D8C00EA959A /* Comparable.swift */,
				672792312806073B00FEE07E /* Data.swift */,
				67B533952804EC6000EA959A /* Array.swift */,
				6727922E2805CBE400FEE07E /* Bundle.swift */,
				67279233280608FC00FEE07E /* JSONDecoder.swift */,
				6727923C28062CF200FEE07E /* DecodingError.swift */,
				675E275C280E22CC00FB5783 /* GeometryProxy.swift */,
				6780F47028296D2800FF95FE /* ObservableObjectPublisher.swift */,
				67B07B2A28410FA600EAC03D /* ClosedRange.swift */,
			);
			path = Extensions;
			sourceTree = "<group>";
		};
		679E371D28303E2200D9EE41 /* GameEntities */ = {
			isa = PBXGroup;
			children = (
				67B5334C27FF8A5000EA959A /* Resource.swift */,
				67B5336528008BA700EA959A /* GameState.swift */,
				67E4DD402812DF9D00F05D87 /* Player.swift */,
				67A3DD592821DD2F00B5A88F /* PlayerMetastate.swift */,
			);
			path = GameEntities;
			sourceTree = "<group>";
		};
		679E371E28303E3B00D9EE41 /* Geometry */ = {
			isa = PBXGroup;
			children = (
				67B533802803868500EA959A /* BezierCurve.swift */,
				675E2758280DD96300FB5783 /* ComplexCurve.swift */,
				675E273F280A1E7100FB5783 /* Line.swift */,
			);
			path = Geometry;
			sourceTree = "<group>";
		};
		67B5334927FF5E6400EA959A /* Models */ = {
			isa = PBXGroup;
			children = (
				679E371E28303E3B00D9EE41 /* Geometry */,
				679E371D28303E2200D9EE41 /* GameEntities */,
				67B5335627FF959000EA959A /* Scenario */,
				67B533972804ED6D00EA959A /* TIAPrototypingError.swift */,
				6771F8F728592A3300D7B742 /* DrawableCurve.swift */,
			);
			path = Models;
			sourceTree = "<group>";
		};
		67B5335627FF959000EA959A /* Scenario */ = {
			isa = PBXGroup;
			children = (
				67B5335827FF95AC00EA959A /* Vertex.swift */,
				67B5335A27FFA1A700EA959A /* Edge.swift */,
				67EDAC622820448200EA41CF /* EdgeGate.swift */,
				67B5335C27FFA24000EA959A /* Adventure.swift */,
				67B07B22283F977A00EAC03D /* AdventureLayer.swift */,
				675E2748280B502900FB5783 /* AdventureDescriptor.swift */,
				67B5335E27FFA48100EA959A /* Scenario.swift */,
			);
			path = Scenario;
			sourceTree = "<group>";
		};
		67B5336027FFAA5500EA959A /* Service */ = {
			isa = PBXGroup;
			children = (
				67EDAC6028201BFF00EA41CF /* Math.swift */,
				67B5336127FFAA6200EA959A /* StorageService.swift */,
				67B5336328007C1400EA959A /* ScenarioService.swift */,
				67EDAC26281CA01F00EA41CF /* VertexSurroundingService.swift */,
				67EDAC5E281F3E2200EA41CF /* AnimationService.swift */,
				67EDAC642820625500EA41CF /* LayoutService.swift */,
				679484FD2823D493002E3BB6 /* GeometryCacheService.swift */,
				67B07B05283ADC7F00EAC03D /* CameraService.swift */,
				67B07B262840F7EE00EAC03D /* IngameMenuService.swift */,
				6771F8E52855242000D7B742 /* VertexActionsIconsService.swift */,
			);
			path = Service;
			sourceTree = "<group>";
		};
		67B5336F28032E9700EA959A /* Modifiers */ = {
			isa = PBXGroup;
			children = (
				67B5337028032EAD00EA959A /* BezierPositioning.swift */,
				67B5337E2803787300EA959A /* BezierStepsPositioning.swift */,
				67834855282A9C36002D9ABA /* ResourceStateHandler.swift */,
				67834857282A9C44002D9ABA /* ResourceStateTransform.swift */,
				67B07B2E2841577500EAC03D /* AnimationCompletionObserverModifier.swift */,
				6771F8DA2851677500D7B742 /* ViewRedrawHandlerModifier.swift */,
				6771F8F42857E2BA00D7B742 /* DrawingProgressModifier.swift */,
			);
			path = Modifiers;
			sourceTree = "<group>";
		};
		67B533862804C90F00EA959A /* Adventure */ = {
			isa = PBXGroup;
			children = (
				675E2753280DA0CB00FB5783 /* Views */,
				675E2743280B4BAF00FB5783 /* ViewModels */,
				67B533992805B2B400EA959A /* AdventureLayout.swift */,
			);
			path = Adventure;
			sourceTree = "<group>";
		};
		67B533872804CB1400EA959A /* Flow */ = {
			isa = PBXGroup;
			children = (
				67B533862804C90F00EA959A /* Adventure */,
				6793A98327FCF4DE002198E9 /* MainMenu */,
			);
			path = Flow;
			sourceTree = "<group>";
		};
		67B5339B2805B49500EA959A /* Resources */ = {
			isa = PBXGroup;
			children = (
				67B5339E2805BBD600EA959A /* Adventures */,
				67279235280615A600FEE07E /* Layouts */,
				6727922B2805C2C000FEE07E /* scenario.json */,
			);
			path = Resources;
			sourceTree = "<group>";
		};
		67B5339E2805BBD600EA959A /* Adventures */ = {
			isa = PBXGroup;
			children = (
				67B5339C2805B5E200EA959A /* dark1.json */,
				6727923E280632B900FEE07E /* dark2.json */,
				67279240280632DD00FEE07E /* light1.json */,
				672792422806330100FEE07E /* truth1.json */,
			);
			path = Adventures;
			sourceTree = "<group>";
		};
		67BDE95128171105005B0194 /* Resources */ = {
			isa = PBXGroup;
			children = (
				67BDE95228171112005B0194 /* ResourceShape.swift */,
				67BDE95A281712BC005B0194 /* ResourcePath.swift */,
			);
			path = Resources;
			sourceTree = "<group>";
		};
/* End PBXGroup section */

/* Begin PBXNativeTarget section */
		6793A97127FCF3B7002198E9 /* TIA */ = {
			isa = PBXNativeTarget;
			buildConfigurationList = 6793A98027FCF3B9002198E9 /* Build configuration list for PBXNativeTarget "TIA" */;
			buildPhases = (
				6793A96E27FCF3B7002198E9 /* Sources */,
				6793A96F27FCF3B7002198E9 /* Frameworks */,
				6793A97027FCF3B7002198E9 /* Resources */,
			);
			buildRules = (
			);
			dependencies = (
			);
			name = TIA;
			productName = TIA;
			productReference = 6793A97227FCF3B7002198E9 /* TIA.app */;
			productType = "com.apple.product-type.application";
		};
/* End PBXNativeTarget section */

/* Begin PBXProject section */
		6793A96A27FCF3B7002198E9 /* Project object */ = {
			isa = PBXProject;
			attributes = {
				BuildIndependentTargetsInParallel = 1;
				LastSwiftUpdateCheck = 1310;
				LastUpgradeCheck = 1310;
				TargetAttributes = {
					6793A97127FCF3B7002198E9 = {
						CreatedOnToolsVersion = 13.1;
					};
				};
			};
			buildConfigurationList = 6793A96D27FCF3B7002198E9 /* Build configuration list for PBXProject "TIA" */;
			compatibilityVersion = "Xcode 13.0";
			developmentRegion = en;
			hasScannedForEncodings = 0;
			knownRegions = (
				en,
				Base,
			);
			mainGroup = 6793A96927FCF3B7002198E9;
			productRefGroup = 6793A97327FCF3B7002198E9 /* Products */;
			projectDirPath = "";
			projectRoot = "";
			targets = (
				6793A97127FCF3B7002198E9 /* TIA */,
			);
		};
/* End PBXProject section */

/* Begin PBXResourcesBuildPhase section */
		6793A97027FCF3B7002198E9 /* Resources */ = {
			isa = PBXResourcesBuildPhase;
			buildActionMask = 2147483647;
			files = (
				6727923F280632B900FEE07E /* dark2.json in Resources */,
				6727922C2805C2C000FEE07E /* scenario.json in Resources */,
				67B5339D2805B5E200EA959A /* dark1.json in Resources */,
				6793A97D27FCF3B9002198E9 /* Preview Assets.xcassets in Resources */,
				6793A97A27FCF3B9002198E9 /* Assets.xcassets in Resources */,
				67279241280632DD00FEE07E /* light1.json in Resources */,
				672792432806330100FEE07E /* truth1.json in Resources */,
				67B533A12805BC0400EA959A /* dark1_1.json in Resources */,
			);
			runOnlyForDeploymentPostprocessing = 0;
		};
/* End PBXResourcesBuildPhase section */

/* Begin PBXSourcesBuildPhase section */
		6793A96E27FCF3B7002198E9 /* Sources */ = {
			isa = PBXSourcesBuildPhase;
			buildActionMask = 2147483647;
			files = (
				67B5336C28009DC100EA959A /* Path.swift in Sources */,
				67BDE961281833D5005B0194 /* LayoutConstants.swift in Sources */,
				67B5337128032EAD00EA959A /* BezierPositioning.swift in Sources */,
				67EDAC27281CA01F00EA41CF /* VertexSurroundingService.swift in Sources */,
				679484FE2823D493002E3BB6 /* GeometryCacheService.swift in Sources */,
				67B5334D27FF8A5000EA959A /* Resource.swift in Sources */,
				67B5338328038D8C00EA959A /* Comparable.swift in Sources */,
				6793A98527FCF4FD002198E9 /* MainMenuView.swift in Sources */,
				67B5336628008BA700EA959A /* GameState.swift in Sources */,
				67B5335F27FFA48100EA959A /* Scenario.swift in Sources */,
				675E2768280F064500FB5783 /* PlayerView.swift in Sources */,
				67B07B2F2841577500EAC03D /* AnimationCompletionObserverModifier.swift in Sources */,
				67B07B332842E47900EAC03D /* CGRect.swift in Sources */,
				6780F47128296D2800FF95FE /* ObservableObjectPublisher.swift in Sources */,
				675E2757280DB77F00FB5783 /* CGSize.swift in Sources */,
				675E2759280DD96300FB5783 /* ComplexCurve.swift in Sources */,
				675E276A280F066800FB5783 /* PlayerViewModel.swift in Sources */,
				678DE68828129D850084006F /* EyeViewModel.swift in Sources */,
				675E2745280B4BC000FB5783 /* EdgeViewModel.swift in Sources */,
				67EFD4772844348200DA02EC /* VisualEffectView.swift in Sources */,
				6771F8DB2851677500D7B742 /* ViewRedrawHandlerModifier.swift in Sources */,
				675E2770280F6F0400FB5783 /* ColorSchema.swift in Sources */,
				67B533892804CB8E00EA959A /* AdventureView.swift in Sources */,
				675E2747280B4BD100FB5783 /* VertexViewModel.swift in Sources */,
				675E275D280E22CC00FB5783 /* GeometryProxy.swift in Sources */,
				6771F8E62855242000D7B742 /* VertexActionsIconsService.swift in Sources */,
				679E37242832616D00D9EE41 /* EdgeViewMetastate.swift in Sources */,
				6793A98B27FD1936002198E9 /* Colors.swift in Sources */,
				675E274D280C5EF500FB5783 /* AnimationHandlingShape.swift in Sources */,
				677C3100281099500014BECD /* AnimationState.swift in Sources */,
				67BDE95D2817E841005B0194 /* ResourceView.swift in Sources */,
				67B533982804ED6D00EA959A /* TIAPrototypingError.swift in Sources */,
				6727923D28062CF200FEE07E /* DecodingError.swift in Sources */,
				672792472806441300FEE07E /* EdgeView.swift in Sources */,
				67B5336227FFAA6200EA959A /* StorageService.swift in Sources */,
				67B07B272840F7EE00EAC03D /* IngameMenuService.swift in Sources */,
				67834856282A9C36002D9ABA /* ResourceStateHandler.swift in Sources */,
				675E2742280A2C4D00FB5783 /* CGFloat.swift in Sources */,
				672792452806382800FEE07E /* AdventureViewModel.swift in Sources */,
				672792322806073B00FEE07E /* Data.swift in Sources */,
				6727922F2805CBE400FEE07E /* Bundle.swift in Sources */,
				67B07B06283ADC7F00EAC03D /* CameraService.swift in Sources */,
				67B07B2D284153D800EAC03D /* AdventureLayerBackgroundView.swift in Sources */,
				67B5335B27FFA1A700EA959A /* Edge.swift in Sources */,
				675E275B280DDC4F00FB5783 /* ComplexCurveShape.swift in Sources */,
				67BDE95F2817E879005B0194 /* ResourceViewModel.swift in Sources */,
				675E2755280DA0E600FB5783 /* EyeView.swift in Sources */,
				67A3DD5A2821DD2F00B5A88F /* PlayerMetastate.swift in Sources */,
				6771F8F828592A3300D7B742 /* DrawableCurve.swift in Sources */,
				67B5335927FF95AC00EA959A /* Vertex.swift in Sources */,
				675E2760280E2FC500FB5783 /* EngineEvent.swift in Sources */,
				67B5336428007C1400EA959A /* ScenarioService.swift in Sources */,
				675E2750280C8C2F00FB5783 /* PointerWrapper.swift in Sources */,
				675E276E280F39B500FB5783 /* CenteredGeometryReader.swift in Sources */,
				67EDAC632820448200EA41CF /* EdgeGate.swift in Sources */,
				6771F8E12855021B00D7B742 /* DrawableCurvesView.swift in Sources */,
				6793A98727FCF50E002198E9 /* WorldPickerView.swift in Sources */,
				67EDAC6728214FD600EA41CF /* IdEqutable.swift in Sources */,
				67B5338B2804CC4500EA959A /* VertexView.swift in Sources */,
				67B533812803868500EA959A /* BezierCurve.swift in Sources */,
				67BDE95B281712BC005B0194 /* ResourcePath.swift in Sources */,
				67B5337F2803787300EA959A /* BezierStepsPositioning.swift in Sources */,
				67B5335D27FFA24000EA959A /* Adventure.swift in Sources */,
				6793A97627FCF3B7002198E9 /* TIAApp.swift in Sources */,
				675E27F9281087E800FB5783 /* StatesAnimationView.swift in Sources */,
				67E4DD412812DF9D00F05D87 /* Player.swift in Sources */,
				67B07B23283F977A00EAC03D /* AdventureLayer.swift in Sources */,
				675E273A2809CD7A00FB5783 /* AdventureEngine.swift in Sources */,
				67B07B2B28410FA600EAC03D /* ClosedRange.swift in Sources */,
				675E2764280E3C1200FB5783 /* Shape.swift in Sources */,
				67B07B25283FA55800EAC03D /* AdventureLayerViewModel.swift in Sources */,
				6771F8F52857E2BA00D7B742 /* DrawingProgressModifier.swift in Sources */,
				67B5337B28036F0700EA959A /* CGPoint.swift in Sources */,
				67B5339A2805B2B400EA959A /* AdventureLayout.swift in Sources */,
				675E2752280CE33100FB5783 /* HandleableAnimationData.swift in Sources */,
				67B5336828009BD200EA959A /* AdventureIconView.swift in Sources */,
				675E2762280E313900FB5783 /* ViewEvent.swift in Sources */,
				675E2740280A1E7100FB5783 /* Line.swift in Sources */,
				679E372B2836C08800D9EE41 /* AnimatableTrio.swift in Sources */,
				675E273C2809D98300FB5783 /* GameEngine.swift in Sources */,
				67EDAC6128201BFF00EA41CF /* Math.swift in Sources */,
				67279234280608FC00FEE07E /* JSONDecoder.swift in Sources */,
				675E273E2809E36800FB5783 /* SingleCurveShape.swift in Sources */,
				67B53379280336A900EA959A /* View.swift in Sources */,
				67B5336A28009C4D00EA959A /* CircleShape.swift in Sources */,
				67834858282A9C44002D9ABA /* ResourceStateTransform.swift in Sources */,
				67BDE95328171112005B0194 /* ResourceShape.swift in Sources */,
				67B533962804EC6000EA959A /* Array.swift in Sources */,
				6771F8FA285A8F1900D7B742 /* VertexViewMetastate.swift in Sources */,
				67EDAC5F281F3E2200EA41CF /* AnimationService.swift in Sources */,
				67EDAC652820625500EA41CF /* LayoutService.swift in Sources */,
				679E37222831928700D9EE41 /* EdgeConnectorShape.swift in Sources */,
				675E2749280B502900FB5783 /* AdventureDescriptor.swift in Sources */,
				677C31232811C80E0014BECD /* AnimatableModifierWrapper.swift in Sources */,
				677D6988282B28EB00124486 /* ResourceViewMetastate.swift in Sources */,
			);
			runOnlyForDeploymentPostprocessing = 0;
		};
/* End PBXSourcesBuildPhase section */

/* Begin XCBuildConfiguration section */
		6793A97E27FCF3B9002198E9 /* Debug */ = {
			isa = XCBuildConfiguration;
			buildSettings = {
				ALWAYS_SEARCH_USER_PATHS = NO;
				CLANG_ANALYZER_NONNULL = YES;
				CLANG_ANALYZER_NUMBER_OBJECT_CONVERSION = YES_AGGRESSIVE;
				CLANG_CXX_LANGUAGE_STANDARD = "gnu++17";
				CLANG_CXX_LIBRARY = "libc++";
				CLANG_ENABLE_MODULES = YES;
				CLANG_ENABLE_OBJC_ARC = YES;
				CLANG_ENABLE_OBJC_WEAK = YES;
				CLANG_WARN_BLOCK_CAPTURE_AUTORELEASING = YES;
				CLANG_WARN_BOOL_CONVERSION = YES;
				CLANG_WARN_COMMA = YES;
				CLANG_WARN_CONSTANT_CONVERSION = YES;
				CLANG_WARN_DEPRECATED_OBJC_IMPLEMENTATIONS = YES;
				CLANG_WARN_DIRECT_OBJC_ISA_USAGE = YES_ERROR;
				CLANG_WARN_DOCUMENTATION_COMMENTS = YES;
				CLANG_WARN_EMPTY_BODY = YES;
				CLANG_WARN_ENUM_CONVERSION = YES;
				CLANG_WARN_INFINITE_RECURSION = YES;
				CLANG_WARN_INT_CONVERSION = YES;
				CLANG_WARN_NON_LITERAL_NULL_CONVERSION = YES;
				CLANG_WARN_OBJC_IMPLICIT_RETAIN_SELF = YES;
				CLANG_WARN_OBJC_LITERAL_CONVERSION = YES;
				CLANG_WARN_OBJC_ROOT_CLASS = YES_ERROR;
				CLANG_WARN_QUOTED_INCLUDE_IN_FRAMEWORK_HEADER = YES;
				CLANG_WARN_RANGE_LOOP_ANALYSIS = YES;
				CLANG_WARN_STRICT_PROTOTYPES = YES;
				CLANG_WARN_SUSPICIOUS_MOVE = YES;
				CLANG_WARN_UNGUARDED_AVAILABILITY = YES_AGGRESSIVE;
				CLANG_WARN_UNREACHABLE_CODE = YES;
				CLANG_WARN__DUPLICATE_METHOD_MATCH = YES;
				COPY_PHASE_STRIP = NO;
				DEBUG_INFORMATION_FORMAT = dwarf;
				ENABLE_STRICT_OBJC_MSGSEND = YES;
				ENABLE_TESTABILITY = YES;
				GCC_C_LANGUAGE_STANDARD = gnu11;
				GCC_DYNAMIC_NO_PIC = NO;
				GCC_NO_COMMON_BLOCKS = YES;
				GCC_OPTIMIZATION_LEVEL = 0;
				GCC_PREPROCESSOR_DEFINITIONS = (
					"DEBUG=1",
					"$(inherited)",
				);
				GCC_WARN_64_TO_32_BIT_CONVERSION = YES;
				GCC_WARN_ABOUT_RETURN_TYPE = YES_ERROR;
				GCC_WARN_UNDECLARED_SELECTOR = YES;
				GCC_WARN_UNINITIALIZED_AUTOS = YES_AGGRESSIVE;
				GCC_WARN_UNUSED_FUNCTION = YES;
				GCC_WARN_UNUSED_VARIABLE = YES;
				IPHONEOS_DEPLOYMENT_TARGET = 14.4;
				MTL_ENABLE_DEBUG_INFO = INCLUDE_SOURCE;
				MTL_FAST_MATH = YES;
				ONLY_ACTIVE_ARCH = YES;
				SDKROOT = iphoneos;
				SWIFT_ACTIVE_COMPILATION_CONDITIONS = DEBUG;
				SWIFT_OPTIMIZATION_LEVEL = "-Onone";
			};
			name = Debug;
		};
		6793A97F27FCF3B9002198E9 /* Release */ = {
			isa = XCBuildConfiguration;
			buildSettings = {
				ALWAYS_SEARCH_USER_PATHS = NO;
				CLANG_ANALYZER_NONNULL = YES;
				CLANG_ANALYZER_NUMBER_OBJECT_CONVERSION = YES_AGGRESSIVE;
				CLANG_CXX_LANGUAGE_STANDARD = "gnu++17";
				CLANG_CXX_LIBRARY = "libc++";
				CLANG_ENABLE_MODULES = YES;
				CLANG_ENABLE_OBJC_ARC = YES;
				CLANG_ENABLE_OBJC_WEAK = YES;
				CLANG_WARN_BLOCK_CAPTURE_AUTORELEASING = YES;
				CLANG_WARN_BOOL_CONVERSION = YES;
				CLANG_WARN_COMMA = YES;
				CLANG_WARN_CONSTANT_CONVERSION = YES;
				CLANG_WARN_DEPRECATED_OBJC_IMPLEMENTATIONS = YES;
				CLANG_WARN_DIRECT_OBJC_ISA_USAGE = YES_ERROR;
				CLANG_WARN_DOCUMENTATION_COMMENTS = YES;
				CLANG_WARN_EMPTY_BODY = YES;
				CLANG_WARN_ENUM_CONVERSION = YES;
				CLANG_WARN_INFINITE_RECURSION = YES;
				CLANG_WARN_INT_CONVERSION = YES;
				CLANG_WARN_NON_LITERAL_NULL_CONVERSION = YES;
				CLANG_WARN_OBJC_IMPLICIT_RETAIN_SELF = YES;
				CLANG_WARN_OBJC_LITERAL_CONVERSION = YES;
				CLANG_WARN_OBJC_ROOT_CLASS = YES_ERROR;
				CLANG_WARN_QUOTED_INCLUDE_IN_FRAMEWORK_HEADER = YES;
				CLANG_WARN_RANGE_LOOP_ANALYSIS = YES;
				CLANG_WARN_STRICT_PROTOTYPES = YES;
				CLANG_WARN_SUSPICIOUS_MOVE = YES;
				CLANG_WARN_UNGUARDED_AVAILABILITY = YES_AGGRESSIVE;
				CLANG_WARN_UNREACHABLE_CODE = YES;
				CLANG_WARN__DUPLICATE_METHOD_MATCH = YES;
				COPY_PHASE_STRIP = NO;
				DEBUG_INFORMATION_FORMAT = "dwarf-with-dsym";
				ENABLE_NS_ASSERTIONS = NO;
				ENABLE_STRICT_OBJC_MSGSEND = YES;
				GCC_C_LANGUAGE_STANDARD = gnu11;
				GCC_NO_COMMON_BLOCKS = YES;
				GCC_WARN_64_TO_32_BIT_CONVERSION = YES;
				GCC_WARN_ABOUT_RETURN_TYPE = YES_ERROR;
				GCC_WARN_UNDECLARED_SELECTOR = YES;
				GCC_WARN_UNINITIALIZED_AUTOS = YES_AGGRESSIVE;
				GCC_WARN_UNUSED_FUNCTION = YES;
				GCC_WARN_UNUSED_VARIABLE = YES;
				IPHONEOS_DEPLOYMENT_TARGET = 14.4;
				MTL_ENABLE_DEBUG_INFO = NO;
				MTL_FAST_MATH = YES;
				SDKROOT = iphoneos;
				SWIFT_COMPILATION_MODE = wholemodule;
				SWIFT_OPTIMIZATION_LEVEL = "-O";
				VALIDATE_PRODUCT = YES;
			};
			name = Release;
		};
		6793A98127FCF3B9002198E9 /* Debug */ = {
			isa = XCBuildConfiguration;
			buildSettings = {
				ASSETCATALOG_COMPILER_APPICON_NAME = AppIcon;
				ASSETCATALOG_COMPILER_GLOBAL_ACCENT_COLOR_NAME = AccentColor;
				CODE_SIGN_STYLE = Automatic;
				CURRENT_PROJECT_VERSION = 1;
				DEVELOPMENT_ASSET_PATHS = "\"TIA/Preview Content\"";
				DEVELOPMENT_TEAM = TW5C93DFWS;
				ENABLE_PREVIEWS = YES;
				GENERATE_INFOPLIST_FILE = YES;
				INFOPLIST_KEY_UIApplicationSceneManifest_Generation = YES;
				INFOPLIST_KEY_UIApplicationSupportsIndirectInputEvents = YES;
				INFOPLIST_KEY_UILaunchScreen_Generation = YES;
				INFOPLIST_KEY_UISupportedInterfaceOrientations_iPad = "UIInterfaceOrientationPortrait UIInterfaceOrientationPortraitUpsideDown UIInterfaceOrientationLandscapeLeft UIInterfaceOrientationLandscapeRight";
				INFOPLIST_KEY_UISupportedInterfaceOrientations_iPhone = "UIInterfaceOrientationPortrait UIInterfaceOrientationLandscapeLeft UIInterfaceOrientationLandscapeRight";
				LD_RUNPATH_SEARCH_PATHS = (
					"$(inherited)",
					"@executable_path/Frameworks",
				);
				MARKETING_VERSION = 1.0;
				PRODUCT_BUNDLE_IDENTIFIER = com.ddl.TIA;
				PRODUCT_NAME = "$(TARGET_NAME)";
				SWIFT_EMIT_LOC_STRINGS = YES;
				SWIFT_VERSION = 5.0;
				TARGETED_DEVICE_FAMILY = "1,2";
			};
			name = Debug;
		};
		6793A98227FCF3B9002198E9 /* Release */ = {
			isa = XCBuildConfiguration;
			buildSettings = {
				ASSETCATALOG_COMPILER_APPICON_NAME = AppIcon;
				ASSETCATALOG_COMPILER_GLOBAL_ACCENT_COLOR_NAME = AccentColor;
				CODE_SIGN_STYLE = Automatic;
				CURRENT_PROJECT_VERSION = 1;
				DEVELOPMENT_ASSET_PATHS = "\"TIA/Preview Content\"";
				DEVELOPMENT_TEAM = TW5C93DFWS;
				ENABLE_PREVIEWS = YES;
				GENERATE_INFOPLIST_FILE = YES;
				INFOPLIST_KEY_UIApplicationSceneManifest_Generation = YES;
				INFOPLIST_KEY_UIApplicationSupportsIndirectInputEvents = YES;
				INFOPLIST_KEY_UILaunchScreen_Generation = YES;
				INFOPLIST_KEY_UISupportedInterfaceOrientations_iPad = "UIInterfaceOrientationPortrait UIInterfaceOrientationPortraitUpsideDown UIInterfaceOrientationLandscapeLeft UIInterfaceOrientationLandscapeRight";
				INFOPLIST_KEY_UISupportedInterfaceOrientations_iPhone = "UIInterfaceOrientationPortrait UIInterfaceOrientationLandscapeLeft UIInterfaceOrientationLandscapeRight";
				LD_RUNPATH_SEARCH_PATHS = (
					"$(inherited)",
					"@executable_path/Frameworks",
				);
				MARKETING_VERSION = 1.0;
				PRODUCT_BUNDLE_IDENTIFIER = com.ddl.TIA;
				PRODUCT_NAME = "$(TARGET_NAME)";
				SWIFT_EMIT_LOC_STRINGS = YES;
				SWIFT_VERSION = 5.0;
				TARGETED_DEVICE_FAMILY = "1,2";
			};
			name = Release;
		};
/* End XCBuildConfiguration section */

/* Begin XCConfigurationList section */
		6793A96D27FCF3B7002198E9 /* Build configuration list for PBXProject "TIA" */ = {
			isa = XCConfigurationList;
			buildConfigurations = (
				6793A97E27FCF3B9002198E9 /* Debug */,
				6793A97F27FCF3B9002198E9 /* Release */,
			);
			defaultConfigurationIsVisible = 0;
			defaultConfigurationName = Release;
		};
		6793A98027FCF3B9002198E9 /* Build configuration list for PBXNativeTarget "TIA" */ = {
			isa = XCConfigurationList;
			buildConfigurations = (
				6793A98127FCF3B9002198E9 /* Debug */,
				6793A98227FCF3B9002198E9 /* Release */,
			);
			defaultConfigurationIsVisible = 0;
			defaultConfigurationName = Release;
		};
/* End XCConfigurationList section */
	};
	rootObject = 6793A96A27FCF3B7002198E9 /* Project object */;
}
