// !$*UTF8*$!
{
	archiveVersion = 1;
	classes = {
	};
	objectVersion = 55;
	objects = {

/* Begin PBXBuildFile section */
		6727922C2805C2C000FEE07E /* scenario.json in Resources */ = {isa = PBXBuildFile; fileRef = 6727922B2805C2C000FEE07E /* scenario.json */; };
		6727922F2805CBE400FEE07E /* Bundle.swift in Sources */ = {isa = PBXBuildFile; fileRef = 6727922E2805CBE400FEE07E /* Bundle.swift */; };
		672792322806073B00FEE07E /* Data.swift in Sources */ = {isa = PBXBuildFile; fileRef = 672792312806073B00FEE07E /* Data.swift */; };
		67279234280608FC00FEE07E /* JSONDecoder.swift in Sources */ = {isa = PBXBuildFile; fileRef = 67279233280608FC00FEE07E /* JSONDecoder.swift */; };
		6793A97627FCF3B7002198E9 /* TIAApp.swift in Sources */ = {isa = PBXBuildFile; fileRef = 6793A97527FCF3B7002198E9 /* TIAApp.swift */; };
		6793A97A27FCF3B9002198E9 /* Assets.xcassets in Resources */ = {isa = PBXBuildFile; fileRef = 6793A97927FCF3B9002198E9 /* Assets.xcassets */; };
		6793A97D27FCF3B9002198E9 /* Preview Assets.xcassets in Resources */ = {isa = PBXBuildFile; fileRef = 6793A97C27FCF3B9002198E9 /* Preview Assets.xcassets */; };
		6793A98527FCF4FD002198E9 /* MainMenuView.swift in Sources */ = {isa = PBXBuildFile; fileRef = 6793A98427FCF4FD002198E9 /* MainMenuView.swift */; };
		6793A98727FCF50E002198E9 /* WorldPickerView.swift in Sources */ = {isa = PBXBuildFile; fileRef = 6793A98627FCF50E002198E9 /* WorldPickerView.swift */; };
		6793A98B27FD1936002198E9 /* Colors.swift in Sources */ = {isa = PBXBuildFile; fileRef = 6793A98A27FD1936002198E9 /* Colors.swift */; };
		67B5334D27FF8A5000EA959A /* Resource.swift in Sources */ = {isa = PBXBuildFile; fileRef = 67B5334C27FF8A5000EA959A /* Resource.swift */; };
		67B5335927FF95AC00EA959A /* Vertex.swift in Sources */ = {isa = PBXBuildFile; fileRef = 67B5335827FF95AC00EA959A /* Vertex.swift */; };
		67B5335B27FFA1A700EA959A /* Edge.swift in Sources */ = {isa = PBXBuildFile; fileRef = 67B5335A27FFA1A700EA959A /* Edge.swift */; };
		67B5335D27FFA24000EA959A /* Adventure.swift in Sources */ = {isa = PBXBuildFile; fileRef = 67B5335C27FFA24000EA959A /* Adventure.swift */; };
		67B5335F27FFA48100EA959A /* Scenario.swift in Sources */ = {isa = PBXBuildFile; fileRef = 67B5335E27FFA48100EA959A /* Scenario.swift */; };
		67B5336227FFAA6200EA959A /* StorageService.swift in Sources */ = {isa = PBXBuildFile; fileRef = 67B5336127FFAA6200EA959A /* StorageService.swift */; };
		67B5336428007C1400EA959A /* ScenarioService.swift in Sources */ = {isa = PBXBuildFile; fileRef = 67B5336328007C1400EA959A /* ScenarioService.swift */; };
		67B5336628008BA700EA959A /* GameState.swift in Sources */ = {isa = PBXBuildFile; fileRef = 67B5336528008BA700EA959A /* GameState.swift */; };
		67B5336828009BD200EA959A /* AdventureIconView.swift in Sources */ = {isa = PBXBuildFile; fileRef = 67B5336728009BD200EA959A /* AdventureIconView.swift */; };
		67B5336A28009C4D00EA959A /* CircleShape.swift in Sources */ = {isa = PBXBuildFile; fileRef = 67B5336928009C4D00EA959A /* CircleShape.swift */; };
		67B5336C28009DC100EA959A /* Path.swift in Sources */ = {isa = PBXBuildFile; fileRef = 67B5336B28009DC100EA959A /* Path.swift */; };
		67B5337128032EAD00EA959A /* BezierPositioning.swift in Sources */ = {isa = PBXBuildFile; fileRef = 67B5337028032EAD00EA959A /* BezierPositioning.swift */; };
		67B53379280336A900EA959A /* View.swift in Sources */ = {isa = PBXBuildFile; fileRef = 67B53378280336A900EA959A /* View.swift */; };
		67B5337B28036F0700EA959A /* CGPoint.swift in Sources */ = {isa = PBXBuildFile; fileRef = 67B5337A28036F0700EA959A /* CGPoint.swift */; };
		67B5337F2803787300EA959A /* BezierStepsPositioning.swift in Sources */ = {isa = PBXBuildFile; fileRef = 67B5337E2803787300EA959A /* BezierStepsPositioning.swift */; };
		67B533812803868500EA959A /* BezierCurve.swift in Sources */ = {isa = PBXBuildFile; fileRef = 67B533802803868500EA959A /* BezierCurve.swift */; };
		67B5338328038D8C00EA959A /* Comparable.swift in Sources */ = {isa = PBXBuildFile; fileRef = 67B5338228038D8C00EA959A /* Comparable.swift */; };
		67B533852804969700EA959A /* AnyTransaction.swift in Sources */ = {isa = PBXBuildFile; fileRef = 67B533842804969700EA959A /* AnyTransaction.swift */; };
		67B533892804CB8E00EA959A /* AdventureView.swift in Sources */ = {isa = PBXBuildFile; fileRef = 67B533882804CB8E00EA959A /* AdventureView.swift */; };
		67B5338B2804CC4500EA959A /* VertexView.swift in Sources */ = {isa = PBXBuildFile; fileRef = 67B5338A2804CC4500EA959A /* VertexView.swift */; };
		67B5338D2804D0F400EA959A /* AdventureVisualizer.swift in Sources */ = {isa = PBXBuildFile; fileRef = 67B5338C2804D0F400EA959A /* AdventureVisualizer.swift */; };
		67B533902804D3CD00EA959A /* AdventureVisualization.swift in Sources */ = {isa = PBXBuildFile; fileRef = 67B5338F2804D3CD00EA959A /* AdventureVisualization.swift */; };
		67B533962804EC6000EA959A /* Array.swift in Sources */ = {isa = PBXBuildFile; fileRef = 67B533952804EC6000EA959A /* Array.swift */; };
		67B533982804ED6D00EA959A /* TIAPrototypingError.swift in Sources */ = {isa = PBXBuildFile; fileRef = 67B533972804ED6D00EA959A /* TIAPrototypingError.swift */; };
		67B5339A2805B2B400EA959A /* AdventureLayout.swift in Sources */ = {isa = PBXBuildFile; fileRef = 67B533992805B2B400EA959A /* AdventureLayout.swift */; };
		67B5339D2805B5E200EA959A /* dark1.json in Resources */ = {isa = PBXBuildFile; fileRef = 67B5339C2805B5E200EA959A /* dark1.json */; };
		67B533A12805BC0400EA959A /* dark1_1.json in Resources */ = {isa = PBXBuildFile; fileRef = 67B533A02805BC0400EA959A /* dark1_1.json */; };
/* End PBXBuildFile section */

/* Begin PBXFileReference section */
		6727922B2805C2C000FEE07E /* scenario.json */ = {isa = PBXFileReference; lastKnownFileType = text.json; path = scenario.json; sourceTree = "<group>"; };
		6727922E2805CBE400FEE07E /* Bundle.swift */ = {isa = PBXFileReference; lastKnownFileType = sourcecode.swift; path = Bundle.swift; sourceTree = "<group>"; };
		672792312806073B00FEE07E /* Data.swift */ = {isa = PBXFileReference; lastKnownFileType = sourcecode.swift; path = Data.swift; sourceTree = "<group>"; };
		67279233280608FC00FEE07E /* JSONDecoder.swift */ = {isa = PBXFileReference; lastKnownFileType = sourcecode.swift; path = JSONDecoder.swift; sourceTree = "<group>"; };
		6793A97227FCF3B7002198E9 /* TIA.app */ = {isa = PBXFileReference; explicitFileType = wrapper.application; includeInIndex = 0; path = TIA.app; sourceTree = BUILT_PRODUCTS_DIR; };
		6793A97527FCF3B7002198E9 /* TIAApp.swift */ = {isa = PBXFileReference; lastKnownFileType = sourcecode.swift; path = TIAApp.swift; sourceTree = "<group>"; };
		6793A97927FCF3B9002198E9 /* Assets.xcassets */ = {isa = PBXFileReference; lastKnownFileType = folder.assetcatalog; path = Assets.xcassets; sourceTree = "<group>"; };
		6793A97C27FCF3B9002198E9 /* Preview Assets.xcassets */ = {isa = PBXFileReference; lastKnownFileType = folder.assetcatalog; path = "Preview Assets.xcassets"; sourceTree = "<group>"; };
		6793A98427FCF4FD002198E9 /* MainMenuView.swift */ = {isa = PBXFileReference; lastKnownFileType = sourcecode.swift; path = MainMenuView.swift; sourceTree = "<group>"; };
		6793A98627FCF50E002198E9 /* WorldPickerView.swift */ = {isa = PBXFileReference; lastKnownFileType = sourcecode.swift; path = WorldPickerView.swift; sourceTree = "<group>"; };
		6793A98A27FD1936002198E9 /* Colors.swift */ = {isa = PBXFileReference; lastKnownFileType = sourcecode.swift; path = Colors.swift; sourceTree = "<group>"; };
		67B5334C27FF8A5000EA959A /* Resource.swift */ = {isa = PBXFileReference; lastKnownFileType = sourcecode.swift; path = Resource.swift; sourceTree = "<group>"; };
		67B5335827FF95AC00EA959A /* Vertex.swift */ = {isa = PBXFileReference; lastKnownFileType = sourcecode.swift; path = Vertex.swift; sourceTree = "<group>"; };
		67B5335A27FFA1A700EA959A /* Edge.swift */ = {isa = PBXFileReference; lastKnownFileType = sourcecode.swift; path = Edge.swift; sourceTree = "<group>"; };
		67B5335C27FFA24000EA959A /* Adventure.swift */ = {isa = PBXFileReference; lastKnownFileType = sourcecode.swift; path = Adventure.swift; sourceTree = "<group>"; };
		67B5335E27FFA48100EA959A /* Scenario.swift */ = {isa = PBXFileReference; lastKnownFileType = sourcecode.swift; path = Scenario.swift; sourceTree = "<group>"; };
		67B5336127FFAA6200EA959A /* StorageService.swift */ = {isa = PBXFileReference; lastKnownFileType = sourcecode.swift; path = StorageService.swift; sourceTree = "<group>"; };
		67B5336328007C1400EA959A /* ScenarioService.swift */ = {isa = PBXFileReference; lastKnownFileType = sourcecode.swift; path = ScenarioService.swift; sourceTree = "<group>"; };
		67B5336528008BA700EA959A /* GameState.swift */ = {isa = PBXFileReference; lastKnownFileType = sourcecode.swift; path = GameState.swift; sourceTree = "<group>"; };
		67B5336728009BD200EA959A /* AdventureIconView.swift */ = {isa = PBXFileReference; lastKnownFileType = sourcecode.swift; path = AdventureIconView.swift; sourceTree = "<group>"; };
		67B5336928009C4D00EA959A /* CircleShape.swift */ = {isa = PBXFileReference; lastKnownFileType = sourcecode.swift; path = CircleShape.swift; sourceTree = "<group>"; };
		67B5336B28009DC100EA959A /* Path.swift */ = {isa = PBXFileReference; lastKnownFileType = sourcecode.swift; path = Path.swift; sourceTree = "<group>"; };
		67B5337028032EAD00EA959A /* BezierPositioning.swift */ = {isa = PBXFileReference; lastKnownFileType = sourcecode.swift; path = BezierPositioning.swift; sourceTree = "<group>"; };
		67B53378280336A900EA959A /* View.swift */ = {isa = PBXFileReference; lastKnownFileType = sourcecode.swift; path = View.swift; sourceTree = "<group>"; };
		67B5337A28036F0700EA959A /* CGPoint.swift */ = {isa = PBXFileReference; lastKnownFileType = sourcecode.swift; path = CGPoint.swift; sourceTree = "<group>"; };
		67B5337E2803787300EA959A /* BezierStepsPositioning.swift */ = {isa = PBXFileReference; lastKnownFileType = sourcecode.swift; path = BezierStepsPositioning.swift; sourceTree = "<group>"; };
		67B533802803868500EA959A /* BezierCurve.swift */ = {isa = PBXFileReference; lastKnownFileType = sourcecode.swift; path = BezierCurve.swift; sourceTree = "<group>"; };
		67B5338228038D8C00EA959A /* Comparable.swift */ = {isa = PBXFileReference; lastKnownFileType = sourcecode.swift; path = Comparable.swift; sourceTree = "<group>"; };
		67B533842804969700EA959A /* AnyTransaction.swift */ = {isa = PBXFileReference; lastKnownFileType = sourcecode.swift; path = AnyTransaction.swift; sourceTree = "<group>"; };
		67B533882804CB8E00EA959A /* AdventureView.swift */ = {isa = PBXFileReference; lastKnownFileType = sourcecode.swift; path = AdventureView.swift; sourceTree = "<group>"; };
		67B5338A2804CC4500EA959A /* VertexView.swift */ = {isa = PBXFileReference; lastKnownFileType = sourcecode.swift; path = VertexView.swift; sourceTree = "<group>"; };
		67B5338C2804D0F400EA959A /* AdventureVisualizer.swift */ = {isa = PBXFileReference; lastKnownFileType = sourcecode.swift; path = AdventureVisualizer.swift; sourceTree = "<group>"; };
		67B5338F2804D3CD00EA959A /* AdventureVisualization.swift */ = {isa = PBXFileReference; lastKnownFileType = sourcecode.swift; path = AdventureVisualization.swift; sourceTree = "<group>"; };
		67B533952804EC6000EA959A /* Array.swift */ = {isa = PBXFileReference; lastKnownFileType = sourcecode.swift; path = Array.swift; sourceTree = "<group>"; };
		67B533972804ED6D00EA959A /* TIAPrototypingError.swift */ = {isa = PBXFileReference; lastKnownFileType = sourcecode.swift; path = TIAPrototypingError.swift; sourceTree = "<group>"; };
		67B533992805B2B400EA959A /* AdventureLayout.swift */ = {isa = PBXFileReference; lastKnownFileType = sourcecode.swift; path = AdventureLayout.swift; sourceTree = "<group>"; };
		67B5339C2805B5E200EA959A /* dark1.json */ = {isa = PBXFileReference; lastKnownFileType = text.json; path = dark1.json; sourceTree = "<group>"; };
		67B533A02805BC0400EA959A /* dark1_1.json */ = {isa = PBXFileReference; lastKnownFileType = text.json; path = dark1_1.json; sourceTree = "<group>"; };
/* End PBXFileReference section */

/* Begin PBXFrameworksBuildPhase section */
		6793A96F27FCF3B7002198E9 /* Frameworks */ = {
			isa = PBXFrameworksBuildPhase;
			buildActionMask = 2147483647;
			files = (
			);
			runOnlyForDeploymentPostprocessing = 0;
		};
/* End PBXFrameworksBuildPhase section */

/* Begin PBXGroup section */
		67279235280615A600FEE07E /* Layouts */ = {
			isa = PBXGroup;
			children = (
				67B533A02805BC0400EA959A /* dark1_1.json */,
			);
			path = Layouts;
			sourceTree = "<group>";
		};
		6793A96927FCF3B7002198E9 = {
			isa = PBXGroup;
			children = (
				6793A97427FCF3B7002198E9 /* TIA */,
				6793A97327FCF3B7002198E9 /* Products */,
			);
			sourceTree = "<group>";
		};
		6793A97327FCF3B7002198E9 /* Products */ = {
			isa = PBXGroup;
			children = (
				6793A97227FCF3B7002198E9 /* TIA.app */,
			);
			name = Products;
			sourceTree = "<group>";
		};
		6793A97427FCF3B7002198E9 /* TIA */ = {
			isa = PBXGroup;
			children = (
				67B5336027FFAA5500EA959A /* Service */,
				67B5334927FF5E6400EA959A /* Models */,
				6793A98927FD18E0002198E9 /* Extensions */,
				67B5336F28032E9700EA959A /* Modifiers */,
				6793A98827FD0529002198E9 /* Views */,
				67B533872804CB1400EA959A /* Flow */,
				6793A97527FCF3B7002198E9 /* TIAApp.swift */,
				6793A97927FCF3B9002198E9 /* Assets.xcassets */,
				67B5339B2805B49500EA959A /* Resources */,
				6793A97B27FCF3B9002198E9 /* Preview Content */,
			);
			path = TIA;
			sourceTree = "<group>";
		};
		6793A97B27FCF3B9002198E9 /* Preview Content */ = {
			isa = PBXGroup;
			children = (
				6793A97C27FCF3B9002198E9 /* Preview Assets.xcassets */,
			);
			path = "Preview Content";
			sourceTree = "<group>";
		};
		6793A98327FCF4DE002198E9 /* MainMenu */ = {
			isa = PBXGroup;
			children = (
				6793A98427FCF4FD002198E9 /* MainMenuView.swift */,
				6793A98627FCF50E002198E9 /* WorldPickerView.swift */,
				67B5336728009BD200EA959A /* AdventureIconView.swift */,
			);
			path = MainMenu;
			sourceTree = "<group>";
		};
		6793A98827FD0529002198E9 /* Views */ = {
			isa = PBXGroup;
			children = (
				67B5336928009C4D00EA959A /* CircleShape.swift */,
			);
			path = Views;
			sourceTree = "<group>";
		};
		6793A98927FD18E0002198E9 /* Extensions */ = {
			isa = PBXGroup;
			children = (
				6793A98A27FD1936002198E9 /* Colors.swift */,
				67B5336B28009DC100EA959A /* Path.swift */,
				67B53378280336A900EA959A /* View.swift */,
				67B5337A28036F0700EA959A /* CGPoint.swift */,
				67B5338228038D8C00EA959A /* Comparable.swift */,
				67B533842804969700EA959A /* AnyTransaction.swift */,
				67B533952804EC6000EA959A /* Array.swift */,
				6727922E2805CBE400FEE07E /* Bundle.swift */,
				672792312806073B00FEE07E /* Data.swift */,
				67279233280608FC00FEE07E /* JSONDecoder.swift */,
			);
			path = Extensions;
			sourceTree = "<group>";
		};
		67B5334927FF5E6400EA959A /* Models */ = {
			isa = PBXGroup;
			children = (
				67B5335627FF959000EA959A /* Scenario */,
				67B5335727FF959900EA959A /* ScenarioDynamic */,
				67B5336528008BA700EA959A /* GameState.swift */,
				67B533802803868500EA959A /* BezierCurve.swift */,
				67B533972804ED6D00EA959A /* TIAPrototypingError.swift */,
			);
			path = Models;
			sourceTree = "<group>";
		};
		67B5335627FF959000EA959A /* Scenario */ = {
			isa = PBXGroup;
			children = (
				67B5334C27FF8A5000EA959A /* Resource.swift */,
				67B5335827FF95AC00EA959A /* Vertex.swift */,
				67B5335A27FFA1A700EA959A /* Edge.swift */,
				67B5335C27FFA24000EA959A /* Adventure.swift */,
				67B5335E27FFA48100EA959A /* Scenario.swift */,
			);
			path = Scenario;
			sourceTree = "<group>";
		};
		67B5335727FF959900EA959A /* ScenarioDynamic */ = {
			isa = PBXGroup;
			children = (
			);
			path = ScenarioDynamic;
			sourceTree = "<group>";
		};
		67B5336027FFAA5500EA959A /* Service */ = {
			isa = PBXGroup;
			children = (
				67B5336127FFAA6200EA959A /* StorageService.swift */,
				67B5336328007C1400EA959A /* ScenarioService.swift */,
			);
			path = Service;
			sourceTree = "<group>";
		};
		67B5336F28032E9700EA959A /* Modifiers */ = {
			isa = PBXGroup;
			children = (
				67B5337028032EAD00EA959A /* BezierPositioning.swift */,
				67B5337E2803787300EA959A /* BezierStepsPositioning.swift */,
			);
			path = Modifiers;
			sourceTree = "<group>";
		};
		67B533862804C90F00EA959A /* Adventure */ = {
			isa = PBXGroup;
			children = (
				67B5338E2804D3AE00EA959A /* Visualization */,
				67B533882804CB8E00EA959A /* AdventureView.swift */,
				67B5338A2804CC4500EA959A /* VertexView.swift */,
				67B533992805B2B400EA959A /* AdventureLayout.swift */,
			);
			path = Adventure;
			sourceTree = "<group>";
		};
		67B533872804CB1400EA959A /* Flow */ = {
			isa = PBXGroup;
			children = (
				67B533862804C90F00EA959A /* Adventure */,
				6793A98327FCF4DE002198E9 /* MainMenu */,
			);
			path = Flow;
			sourceTree = "<group>";
		};
		67B5338E2804D3AE00EA959A /* Visualization */ = {
			isa = PBXGroup;
			children = (
				67B5338C2804D0F400EA959A /* AdventureVisualizer.swift */,
				67B5338F2804D3CD00EA959A /* AdventureVisualization.swift */,
			);
			path = Visualization;
			sourceTree = "<group>";
		};
		67B5339B2805B49500EA959A /* Resources */ = {
			isa = PBXGroup;
			children = (
				67B5339E2805BBD600EA959A /* Adventures */,
				67279235280615A600FEE07E /* Layouts */,
				6727922B2805C2C000FEE07E /* scenario.json */,
			);
			path = Resources;
			sourceTree = "<group>";
		};
		67B5339E2805BBD600EA959A /* Adventures */ = {
			isa = PBXGroup;
			children = (
				67B5339C2805B5E200EA959A /* dark1.json */,
			);
			path = Adventures;
			sourceTree = "<group>";
		};
/* End PBXGroup section */

/* Begin PBXNativeTarget section */
		6793A97127FCF3B7002198E9 /* TIA */ = {
			isa = PBXNativeTarget;
			buildConfigurationList = 6793A98027FCF3B9002198E9 /* Build configuration list for PBXNativeTarget "TIA" */;
			buildPhases = (
				6793A96E27FCF3B7002198E9 /* Sources */,
				6793A96F27FCF3B7002198E9 /* Frameworks */,
				6793A97027FCF3B7002198E9 /* Resources */,
			);
			buildRules = (
			);
			dependencies = (
			);
			name = TIA;
			productName = TIA;
			productReference = 6793A97227FCF3B7002198E9 /* TIA.app */;
			productType = "com.apple.product-type.application";
		};
/* End PBXNativeTarget section */

/* Begin PBXProject section */
		6793A96A27FCF3B7002198E9 /* Project object */ = {
			isa = PBXProject;
			attributes = {
				BuildIndependentTargetsInParallel = 1;
				LastSwiftUpdateCheck = 1310;
				LastUpgradeCheck = 1310;
				TargetAttributes = {
					6793A97127FCF3B7002198E9 = {
						CreatedOnToolsVersion = 13.1;
					};
				};
			};
			buildConfigurationList = 6793A96D27FCF3B7002198E9 /* Build configuration list for PBXProject "TIA" */;
			compatibilityVersion = "Xcode 13.0";
			developmentRegion = en;
			hasScannedForEncodings = 0;
			knownRegions = (
				en,
				Base,
			);
			mainGroup = 6793A96927FCF3B7002198E9;
			productRefGroup = 6793A97327FCF3B7002198E9 /* Products */;
			projectDirPath = "";
			projectRoot = "";
			targets = (
				6793A97127FCF3B7002198E9 /* TIA */,
			);
		};
/* End PBXProject section */

/* Begin PBXResourcesBuildPhase section */
		6793A97027FCF3B7002198E9 /* Resources */ = {
			isa = PBXResourcesBuildPhase;
			buildActionMask = 2147483647;
			files = (
				6727922C2805C2C000FEE07E /* scenario.json in Resources */,
				67B5339D2805B5E200EA959A /* dark1.json in Resources */,
				6793A97D27FCF3B9002198E9 /* Preview Assets.xcassets in Resources */,
				6793A97A27FCF3B9002198E9 /* Assets.xcassets in Resources */,
				67B533A12805BC0400EA959A /* dark1_1.json in Resources */,
			);
			runOnlyForDeploymentPostprocessing = 0;
		};
/* End PBXResourcesBuildPhase section */

/* Begin PBXSourcesBuildPhase section */
		6793A96E27FCF3B7002198E9 /* Sources */ = {
			isa = PBXSourcesBuildPhase;
			buildActionMask = 2147483647;
			files = (
				67B533852804969700EA959A /* AnyTransaction.swift in Sources */,
				67B5336C28009DC100EA959A /* Path.swift in Sources */,
				67B5337128032EAD00EA959A /* BezierPositioning.swift in Sources */,
				67B533902804D3CD00EA959A /* AdventureVisualization.swift in Sources */,
				67B5334D27FF8A5000EA959A /* Resource.swift in Sources */,
				67B5338328038D8C00EA959A /* Comparable.swift in Sources */,
				6793A98527FCF4FD002198E9 /* MainMenuView.swift in Sources */,
				67B5336628008BA700EA959A /* GameState.swift in Sources */,
				67B5335F27FFA48100EA959A /* Scenario.swift in Sources */,
				67B533892804CB8E00EA959A /* AdventureView.swift in Sources */,
				6793A98B27FD1936002198E9 /* Colors.swift in Sources */,
				67B533982804ED6D00EA959A /* TIAPrototypingError.swift in Sources */,
				67B5336227FFAA6200EA959A /* StorageService.swift in Sources */,
				672792322806073B00FEE07E /* Data.swift in Sources */,
				6727922F2805CBE400FEE07E /* Bundle.swift in Sources */,
				67B5335B27FFA1A700EA959A /* Edge.swift in Sources */,
				67B5335927FF95AC00EA959A /* Vertex.swift in Sources */,
				67B5338D2804D0F400EA959A /* AdventureVisualizer.swift in Sources */,
				67B5336428007C1400EA959A /* ScenarioService.swift in Sources */,
				6793A98727FCF50E002198E9 /* WorldPickerView.swift in Sources */,
				67B5338B2804CC4500EA959A /* VertexView.swift in Sources */,
				67B533812803868500EA959A /* BezierCurve.swift in Sources */,
				67B5337F2803787300EA959A /* BezierStepsPositioning.swift in Sources */,
				67B5335D27FFA24000EA959A /* Adventure.swift in Sources */,
				6793A97627FCF3B7002198E9 /* TIAApp.swift in Sources */,
				67B5337B28036F0700EA959A /* CGPoint.swift in Sources */,
				67B5339A2805B2B400EA959A /* AdventureLayout.swift in Sources */,
				67B5336828009BD200EA959A /* AdventureIconView.swift in Sources */,
				67279234280608FC00FEE07E /* JSONDecoder.swift in Sources */,
				67B53379280336A900EA959A /* View.swift in Sources */,
				67B5336A28009C4D00EA959A /* CircleShape.swift in Sources */,
				67B533962804EC6000EA959A /* Array.swift in Sources */,
			);
			runOnlyForDeploymentPostprocessing = 0;
		};
/* End PBXSourcesBuildPhase section */

/* Begin XCBuildConfiguration section */
		6793A97E27FCF3B9002198E9 /* Debug */ = {
			isa = XCBuildConfiguration;
			buildSettings = {
				ALWAYS_SEARCH_USER_PATHS = NO;
				CLANG_ANALYZER_NONNULL = YES;
				CLANG_ANALYZER_NUMBER_OBJECT_CONVERSION = YES_AGGRESSIVE;
				CLANG_CXX_LANGUAGE_STANDARD = "gnu++17";
				CLANG_CXX_LIBRARY = "libc++";
				CLANG_ENABLE_MODULES = YES;
				CLANG_ENABLE_OBJC_ARC = YES;
				CLANG_ENABLE_OBJC_WEAK = YES;
				CLANG_WARN_BLOCK_CAPTURE_AUTORELEASING = YES;
				CLANG_WARN_BOOL_CONVERSION = YES;
				CLANG_WARN_COMMA = YES;
				CLANG_WARN_CONSTANT_CONVERSION = YES;
				CLANG_WARN_DEPRECATED_OBJC_IMPLEMENTATIONS = YES;
				CLANG_WARN_DIRECT_OBJC_ISA_USAGE = YES_ERROR;
				CLANG_WARN_DOCUMENTATION_COMMENTS = YES;
				CLANG_WARN_EMPTY_BODY = YES;
				CLANG_WARN_ENUM_CONVERSION = YES;
				CLANG_WARN_INFINITE_RECURSION = YES;
				CLANG_WARN_INT_CONVERSION = YES;
				CLANG_WARN_NON_LITERAL_NULL_CONVERSION = YES;
				CLANG_WARN_OBJC_IMPLICIT_RETAIN_SELF = YES;
				CLANG_WARN_OBJC_LITERAL_CONVERSION = YES;
				CLANG_WARN_OBJC_ROOT_CLASS = YES_ERROR;
				CLANG_WARN_QUOTED_INCLUDE_IN_FRAMEWORK_HEADER = YES;
				CLANG_WARN_RANGE_LOOP_ANALYSIS = YES;
				CLANG_WARN_STRICT_PROTOTYPES = YES;
				CLANG_WARN_SUSPICIOUS_MOVE = YES;
				CLANG_WARN_UNGUARDED_AVAILABILITY = YES_AGGRESSIVE;
				CLANG_WARN_UNREACHABLE_CODE = YES;
				CLANG_WARN__DUPLICATE_METHOD_MATCH = YES;
				COPY_PHASE_STRIP = NO;
				DEBUG_INFORMATION_FORMAT = dwarf;
				ENABLE_STRICT_OBJC_MSGSEND = YES;
				ENABLE_TESTABILITY = YES;
				GCC_C_LANGUAGE_STANDARD = gnu11;
				GCC_DYNAMIC_NO_PIC = NO;
				GCC_NO_COMMON_BLOCKS = YES;
				GCC_OPTIMIZATION_LEVEL = 0;
				GCC_PREPROCESSOR_DEFINITIONS = (
					"DEBUG=1",
					"$(inherited)",
				);
				GCC_WARN_64_TO_32_BIT_CONVERSION = YES;
				GCC_WARN_ABOUT_RETURN_TYPE = YES_ERROR;
				GCC_WARN_UNDECLARED_SELECTOR = YES;
				GCC_WARN_UNINITIALIZED_AUTOS = YES_AGGRESSIVE;
				GCC_WARN_UNUSED_FUNCTION = YES;
				GCC_WARN_UNUSED_VARIABLE = YES;
				IPHONEOS_DEPLOYMENT_TARGET = 15.0;
				MTL_ENABLE_DEBUG_INFO = INCLUDE_SOURCE;
				MTL_FAST_MATH = YES;
				ONLY_ACTIVE_ARCH = YES;
				SDKROOT = iphoneos;
				SWIFT_ACTIVE_COMPILATION_CONDITIONS = DEBUG;
				SWIFT_OPTIMIZATION_LEVEL = "-Onone";
			};
			name = Debug;
		};
		6793A97F27FCF3B9002198E9 /* Release */ = {
			isa = XCBuildConfiguration;
			buildSettings = {
				ALWAYS_SEARCH_USER_PATHS = NO;
				CLANG_ANALYZER_NONNULL = YES;
				CLANG_ANALYZER_NUMBER_OBJECT_CONVERSION = YES_AGGRESSIVE;
				CLANG_CXX_LANGUAGE_STANDARD = "gnu++17";
				CLANG_CXX_LIBRARY = "libc++";
				CLANG_ENABLE_MODULES = YES;
				CLANG_ENABLE_OBJC_ARC = YES;
				CLANG_ENABLE_OBJC_WEAK = YES;
				CLANG_WARN_BLOCK_CAPTURE_AUTORELEASING = YES;
				CLANG_WARN_BOOL_CONVERSION = YES;
				CLANG_WARN_COMMA = YES;
				CLANG_WARN_CONSTANT_CONVERSION = YES;
				CLANG_WARN_DEPRECATED_OBJC_IMPLEMENTATIONS = YES;
				CLANG_WARN_DIRECT_OBJC_ISA_USAGE = YES_ERROR;
				CLANG_WARN_DOCUMENTATION_COMMENTS = YES;
				CLANG_WARN_EMPTY_BODY = YES;
				CLANG_WARN_ENUM_CONVERSION = YES;
				CLANG_WARN_INFINITE_RECURSION = YES;
				CLANG_WARN_INT_CONVERSION = YES;
				CLANG_WARN_NON_LITERAL_NULL_CONVERSION = YES;
				CLANG_WARN_OBJC_IMPLICIT_RETAIN_SELF = YES;
				CLANG_WARN_OBJC_LITERAL_CONVERSION = YES;
				CLANG_WARN_OBJC_ROOT_CLASS = YES_ERROR;
				CLANG_WARN_QUOTED_INCLUDE_IN_FRAMEWORK_HEADER = YES;
				CLANG_WARN_RANGE_LOOP_ANALYSIS = YES;
				CLANG_WARN_STRICT_PROTOTYPES = YES;
				CLANG_WARN_SUSPICIOUS_MOVE = YES;
				CLANG_WARN_UNGUARDED_AVAILABILITY = YES_AGGRESSIVE;
				CLANG_WARN_UNREACHABLE_CODE = YES;
				CLANG_WARN__DUPLICATE_METHOD_MATCH = YES;
				COPY_PHASE_STRIP = NO;
				DEBUG_INFORMATION_FORMAT = "dwarf-with-dsym";
				ENABLE_NS_ASSERTIONS = NO;
				ENABLE_STRICT_OBJC_MSGSEND = YES;
				GCC_C_LANGUAGE_STANDARD = gnu11;
				GCC_NO_COMMON_BLOCKS = YES;
				GCC_WARN_64_TO_32_BIT_CONVERSION = YES;
				GCC_WARN_ABOUT_RETURN_TYPE = YES_ERROR;
				GCC_WARN_UNDECLARED_SELECTOR = YES;
				GCC_WARN_UNINITIALIZED_AUTOS = YES_AGGRESSIVE;
				GCC_WARN_UNUSED_FUNCTION = YES;
				GCC_WARN_UNUSED_VARIABLE = YES;
				IPHONEOS_DEPLOYMENT_TARGET = 15.0;
				MTL_ENABLE_DEBUG_INFO = NO;
				MTL_FAST_MATH = YES;
				SDKROOT = iphoneos;
				SWIFT_COMPILATION_MODE = wholemodule;
				SWIFT_OPTIMIZATION_LEVEL = "-O";
				VALIDATE_PRODUCT = YES;
			};
			name = Release;
		};
		6793A98127FCF3B9002198E9 /* Debug */ = {
			isa = XCBuildConfiguration;
			buildSettings = {
				ASSETCATALOG_COMPILER_APPICON_NAME = AppIcon;
				ASSETCATALOG_COMPILER_GLOBAL_ACCENT_COLOR_NAME = AccentColor;
				CODE_SIGN_STYLE = Automatic;
				CURRENT_PROJECT_VERSION = 1;
				DEVELOPMENT_ASSET_PATHS = "\"TIA/Preview Content\"";
				DEVELOPMENT_TEAM = BUP95A8K4H;
				ENABLE_PREVIEWS = YES;
				GENERATE_INFOPLIST_FILE = YES;
				INFOPLIST_KEY_UIApplicationSceneManifest_Generation = YES;
				INFOPLIST_KEY_UIApplicationSupportsIndirectInputEvents = YES;
				INFOPLIST_KEY_UILaunchScreen_Generation = YES;
				INFOPLIST_KEY_UISupportedInterfaceOrientations_iPad = "UIInterfaceOrientationPortrait UIInterfaceOrientationPortraitUpsideDown UIInterfaceOrientationLandscapeLeft UIInterfaceOrientationLandscapeRight";
				INFOPLIST_KEY_UISupportedInterfaceOrientations_iPhone = "UIInterfaceOrientationPortrait UIInterfaceOrientationLandscapeLeft UIInterfaceOrientationLandscapeRight";
				LD_RUNPATH_SEARCH_PATHS = (
					"$(inherited)",
					"@executable_path/Frameworks",
				);
				MARKETING_VERSION = 1.0;
				PRODUCT_BUNDLE_IDENTIFIER = com.ddl.TIA;
				PRODUCT_NAME = "$(TARGET_NAME)";
				SWIFT_EMIT_LOC_STRINGS = YES;
				SWIFT_VERSION = 5.0;
				TARGETED_DEVICE_FAMILY = "1,2";
			};
			name = Debug;
		};
		6793A98227FCF3B9002198E9 /* Release */ = {
			isa = XCBuildConfiguration;
			buildSettings = {
				ASSETCATALOG_COMPILER_APPICON_NAME = AppIcon;
				ASSETCATALOG_COMPILER_GLOBAL_ACCENT_COLOR_NAME = AccentColor;
				CODE_SIGN_STYLE = Automatic;
				CURRENT_PROJECT_VERSION = 1;
				DEVELOPMENT_ASSET_PATHS = "\"TIA/Preview Content\"";
				DEVELOPMENT_TEAM = BUP95A8K4H;
				ENABLE_PREVIEWS = YES;
				GENERATE_INFOPLIST_FILE = YES;
				INFOPLIST_KEY_UIApplicationSceneManifest_Generation = YES;
				INFOPLIST_KEY_UIApplicationSupportsIndirectInputEvents = YES;
				INFOPLIST_KEY_UILaunchScreen_Generation = YES;
				INFOPLIST_KEY_UISupportedInterfaceOrientations_iPad = "UIInterfaceOrientationPortrait UIInterfaceOrientationPortraitUpsideDown UIInterfaceOrientationLandscapeLeft UIInterfaceOrientationLandscapeRight";
				INFOPLIST_KEY_UISupportedInterfaceOrientations_iPhone = "UIInterfaceOrientationPortrait UIInterfaceOrientationLandscapeLeft UIInterfaceOrientationLandscapeRight";
				LD_RUNPATH_SEARCH_PATHS = (
					"$(inherited)",
					"@executable_path/Frameworks",
				);
				MARKETING_VERSION = 1.0;
				PRODUCT_BUNDLE_IDENTIFIER = com.ddl.TIA;
				PRODUCT_NAME = "$(TARGET_NAME)";
				SWIFT_EMIT_LOC_STRINGS = YES;
				SWIFT_VERSION = 5.0;
				TARGETED_DEVICE_FAMILY = "1,2";
			};
			name = Release;
		};
/* End XCBuildConfiguration section */

/* Begin XCConfigurationList section */
		6793A96D27FCF3B7002198E9 /* Build configuration list for PBXProject "TIA" */ = {
			isa = XCConfigurationList;
			buildConfigurations = (
				6793A97E27FCF3B9002198E9 /* Debug */,
				6793A97F27FCF3B9002198E9 /* Release */,
			);
			defaultConfigurationIsVisible = 0;
			defaultConfigurationName = Release;
		};
		6793A98027FCF3B9002198E9 /* Build configuration list for PBXNativeTarget "TIA" */ = {
			isa = XCConfigurationList;
			buildConfigurations = (
				6793A98127FCF3B9002198E9 /* Debug */,
				6793A98227FCF3B9002198E9 /* Release */,
			);
			defaultConfigurationIsVisible = 0;
			defaultConfigurationName = Release;
		};
/* End XCConfigurationList section */
	};
	rootObject = 6793A96A27FCF3B7002198E9 /* Project object */;
}
